// !$*UTF8*$!
{
	archiveVersion = 1;
	classes = {
	};
	objectVersion = 46;
	objects = {

/* Begin PBXBuildFile section */
		435239B415ECBC6900CA81F6 /* AddressBook.framework in Frameworks */ = {isa = PBXBuildFile; fileRef = 435239B315ECBC6900CA81F6 /* AddressBook.framework */; };
		435239B615ECBC6F00CA81F6 /* AddressBookUI.framework in Frameworks */ = {isa = PBXBuildFile; fileRef = 435239B515ECBC6F00CA81F6 /* AddressBookUI.framework */; };
		435239B815EF3DD500CA81F6 /* main_background_960_600.png in Resources */ = {isa = PBXBuildFile; fileRef = 435239B715EF3DD500CA81F6 /* main_background_960_600.png */; };
		435239BB15EF3E9100CA81F6 /* main_black_bar_150_600.png in Resources */ = {isa = PBXBuildFile; fileRef = 435239BA15EF3E9100CA81F6 /* main_black_bar_150_600.png */; };
		435239BD15EF416000CA81F6 /* main_search_box_360_40.png in Resources */ = {isa = PBXBuildFile; fileRef = 435239BC15EF416000CA81F6 /* main_search_box_360_40.png */; };
		435239BF15EF48A100CA81F6 /* main_top_add1_62_72.png in Resources */ = {isa = PBXBuildFile; fileRef = 435239BE15EF48A100CA81F6 /* main_top_add1_62_72.png */; };
		435239C115EF48F500CA81F6 /* main_top_edit1_62_72.png in Resources */ = {isa = PBXBuildFile; fileRef = 435239C015EF48F500CA81F6 /* main_top_edit1_62_72.png */; };
		435239C315EF493700CA81F6 /* main_top_lineup1_62_72.png in Resources */ = {isa = PBXBuildFile; fileRef = 435239C215EF493700CA81F6 /* main_top_lineup1_62_72.png */; };
		435239C515EF49FF00CA81F6 /* main_top_edit2_62_72.png in Resources */ = {isa = PBXBuildFile; fileRef = 435239C415EF49FF00CA81F6 /* main_top_edit2_62_72.png */; };
		435239C915EF4B7700CA81F6 /* main_top_add2_62_72.png in Resources */ = {isa = PBXBuildFile; fileRef = 435239C815EF4B7700CA81F6 /* main_top_add2_62_72.png */; };
		435239CB15EF4BB100CA81F6 /* main_top_lineup2_62_72.png in Resources */ = {isa = PBXBuildFile; fileRef = 435239CA15EF4BB000CA81F6 /* main_top_lineup2_62_72.png */; };
		435239D215EF4F1000CA81F6 /* main_tap_rotate_bg_120_380.png in Resources */ = {isa = PBXBuildFile; fileRef = 435239D015EF4F0F00CA81F6 /* main_tap_rotate_bg_120_380.png */; };
		435239D315EF4F1000CA81F6 /* main_tap1_rotate_120_380.png in Resources */ = {isa = PBXBuildFile; fileRef = 435239D115EF4F0F00CA81F6 /* main_tap1_rotate_120_380.png */; };
		435239D515EF54C700CA81F6 /* main_black_bar_select_white_164_84.png in Resources */ = {isa = PBXBuildFile; fileRef = 435239D415EF54C700CA81F6 /* main_black_bar_select_white_164_84.png */; };
		435239D715EF551800CA81F6 /* main_info_textbox_495_145.png in Resources */ = {isa = PBXBuildFile; fileRef = 435239D615EF551800CA81F6 /* main_info_textbox_495_145.png */; };
		435239D915EF5DDF00CA81F6 /* main_ADDgroup_26_26.png in Resources */ = {isa = PBXBuildFile; fileRef = 435239D815EF5DDF00CA81F6 /* main_ADDgroup_26_26.png */; };
		435239DF15EF733000CA81F6 /* main_bizcard_image_260_145.png in Resources */ = {isa = PBXBuildFile; fileRef = 435239DE15EF733000CA81F6 /* main_bizcard_image_260_145.png */; };
		435239F015EF776A00CA81F6 /* main_ADDgroup_26_26@2x.png in Resources */ = {isa = PBXBuildFile; fileRef = 435239E115EF776A00CA81F6 /* main_ADDgroup_26_26@2x.png */; };
		435239F115EF776A00CA81F6 /* main_background_960_600@2x.png in Resources */ = {isa = PBXBuildFile; fileRef = 435239E215EF776A00CA81F6 /* main_background_960_600@2x.png */; };
		435239F215EF776A00CA81F6 /* main_bizcard_image_260_145@2x.png in Resources */ = {isa = PBXBuildFile; fileRef = 435239E315EF776A00CA81F6 /* main_bizcard_image_260_145@2x.png */; };
		435239F315EF776A00CA81F6 /* main_black_bar_150_600@2x.png in Resources */ = {isa = PBXBuildFile; fileRef = 435239E415EF776A00CA81F6 /* main_black_bar_150_600@2x.png */; };
		435239F415EF776A00CA81F6 /* main_black_bar_select_white_164_84@2x.png in Resources */ = {isa = PBXBuildFile; fileRef = 435239E515EF776A00CA81F6 /* main_black_bar_select_white_164_84@2x.png */; };
		435239F515EF776A00CA81F6 /* main_info_textbox_495_145@2x.png in Resources */ = {isa = PBXBuildFile; fileRef = 435239E615EF776A00CA81F6 /* main_info_textbox_495_145@2x.png */; };
		435239F615EF776A00CA81F6 /* main_search_box_360_40@2x.png in Resources */ = {isa = PBXBuildFile; fileRef = 435239E715EF776A00CA81F6 /* main_search_box_360_40@2x.png */; };
		435239F715EF776A00CA81F6 /* main_tap_rotate_bg_120_380@2x.png in Resources */ = {isa = PBXBuildFile; fileRef = 435239E815EF776A00CA81F6 /* main_tap_rotate_bg_120_380@2x.png */; };
		435239F815EF776A00CA81F6 /* main_tap1_rotate_120_380@2x.png in Resources */ = {isa = PBXBuildFile; fileRef = 435239E915EF776A00CA81F6 /* main_tap1_rotate_120_380@2x.png */; };
		435239F915EF776A00CA81F6 /* main_top_add1_62_72@2x.png in Resources */ = {isa = PBXBuildFile; fileRef = 435239EA15EF776A00CA81F6 /* main_top_add1_62_72@2x.png */; };
		435239FA15EF776A00CA81F6 /* main_top_add2_62_72@2x.png in Resources */ = {isa = PBXBuildFile; fileRef = 435239EB15EF776A00CA81F6 /* main_top_add2_62_72@2x.png */; };
		435239FB15EF776A00CA81F6 /* main_top_edit1_62_72@2x.png in Resources */ = {isa = PBXBuildFile; fileRef = 435239EC15EF776A00CA81F6 /* main_top_edit1_62_72@2x.png */; };
		435239FC15EF776A00CA81F6 /* main_top_edit2_62_72@2x.png in Resources */ = {isa = PBXBuildFile; fileRef = 435239ED15EF776A00CA81F6 /* main_top_edit2_62_72@2x.png */; };
		435239FD15EF776A00CA81F6 /* main_top_lineup1_62_72@2x.png in Resources */ = {isa = PBXBuildFile; fileRef = 435239EE15EF776A00CA81F6 /* main_top_lineup1_62_72@2x.png */; };
		435239FE15EF776A00CA81F6 /* main_top_lineup2_62_72@2x.png in Resources */ = {isa = PBXBuildFile; fileRef = 435239EF15EF776A00CA81F6 /* main_top_lineup2_62_72@2x.png */; };
		4366F50415E1D2B7008E69F6 /* LoginViewController.m in Sources */ = {isa = PBXBuildFile; fileRef = 4366F50215E1D2B7008E69F6 /* LoginViewController.m */; };
		4366F50515E1D2B7008E69F6 /* LoginViewController.xib in Resources */ = {isa = PBXBuildFile; fileRef = 4366F50315E1D2B7008E69F6 /* LoginViewController.xib */; };
		4366F51515E1D444008E69F6 /* TabbarViewController.m in Sources */ = {isa = PBXBuildFile; fileRef = 4366F51315E1D444008E69F6 /* TabbarViewController.m */; };
		4366F51615E1D444008E69F6 /* TabbarViewController.xib in Resources */ = {isa = PBXBuildFile; fileRef = 4366F51415E1D444008E69F6 /* TabbarViewController.xib */; };
		4366F53515E1D566008E69F6 /* delbtn.png in Resources */ = {isa = PBXBuildFile; fileRef = 4366F52115E1D566008E69F6 /* delbtn.png */; };
		4366F53615E1D566008E69F6 /* ic_mylocation_off.png in Resources */ = {isa = PBXBuildFile; fileRef = 4366F52215E1D566008E69F6 /* ic_mylocation_off.png */; };
		4366F53715E1D566008E69F6 /* ic_mylocation_on.png in Resources */ = {isa = PBXBuildFile; fileRef = 4366F52315E1D566008E69F6 /* ic_mylocation_on.png */; };
		4366F53815E1D566008E69F6 /* blue.png in Resources */ = {isa = PBXBuildFile; fileRef = 4366F52415E1D566008E69F6 /* blue.png */; };
		4366F53915E1D566008E69F6 /* btn.png in Resources */ = {isa = PBXBuildFile; fileRef = 4366F52515E1D566008E69F6 /* btn.png */; };
		4366F53A15E1D566008E69F6 /* gadd.png in Resources */ = {isa = PBXBuildFile; fileRef = 4366F52615E1D566008E69F6 /* gadd.png */; };
		4366F53B15E1D566008E69F6 /* note.png in Resources */ = {isa = PBXBuildFile; fileRef = 4366F52715E1D566008E69F6 /* note.png */; };
		4366F53C15E1D566008E69F6 /* gemail.png in Resources */ = {isa = PBXBuildFile; fileRef = 4366F52815E1D566008E69F6 /* gemail.png */; };
		4366F53D15E1D566008E69F6 /* gsms.png in Resources */ = {isa = PBXBuildFile; fileRef = 4366F52915E1D566008E69F6 /* gsms.png */; };
		4366F53E15E1D566008E69F6 /* groupmenubg.png in Resources */ = {isa = PBXBuildFile; fileRef = 4366F52A15E1D566008E69F6 /* groupmenubg.png */; };
		4366F53F15E1D566008E69F6 /* checkbox.png in Resources */ = {isa = PBXBuildFile; fileRef = 4366F52B15E1D566008E69F6 /* checkbox.png */; };
		4366F54015E1D566008E69F6 /* checked.png in Resources */ = {isa = PBXBuildFile; fileRef = 4366F52C15E1D566008E69F6 /* checked.png */; };
		4366F54115E1D566008E69F6 /* red.png in Resources */ = {isa = PBXBuildFile; fileRef = 4366F52D15E1D566008E69F6 /* red.png */; };
		4366F54215E1D566008E69F6 /* gdel.png in Resources */ = {isa = PBXBuildFile; fileRef = 4366F52E15E1D566008E69F6 /* gdel.png */; };
		4366F54315E1D566008E69F6 /* gedit.png in Resources */ = {isa = PBXBuildFile; fileRef = 4366F52F15E1D566008E69F6 /* gedit.png */; };
		4366F54415E1D566008E69F6 /* yellow.png in Resources */ = {isa = PBXBuildFile; fileRef = 4366F53015E1D566008E69F6 /* yellow.png */; };
		4366F54715E1D597008E69F6 /* TabbarView.m in Sources */ = {isa = PBXBuildFile; fileRef = 4366F54615E1D597008E69F6 /* TabbarView.m */; };
		4366F54915E1D59F008E69F6 /* TabbarView.xib in Resources */ = {isa = PBXBuildFile; fileRef = 4366F54815E1D59F008E69F6 /* TabbarView.xib */; };
		4366F54F15E1D913008E69F6 /* SecondTabViewController.m in Sources */ = {isa = PBXBuildFile; fileRef = 4366F54D15E1D913008E69F6 /* SecondTabViewController.m */; };
		4366F55015E1D913008E69F6 /* SecondTabViewController.xib in Resources */ = {isa = PBXBuildFile; fileRef = 4366F54E15E1D913008E69F6 /* SecondTabViewController.xib */; };
		4366F55415E1D922008E69F6 /* ThirdTabViewController.m in Sources */ = {isa = PBXBuildFile; fileRef = 4366F55215E1D922008E69F6 /* ThirdTabViewController.m */; };
		4366F55515E1D922008E69F6 /* ThirdTabViewController.xib in Resources */ = {isa = PBXBuildFile; fileRef = 4366F55315E1D922008E69F6 /* ThirdTabViewController.xib */; };
		4366F55915E1F5BD008E69F6 /* DataBase.m in Sources */ = {isa = PBXBuildFile; fileRef = 4366F55815E1F5BD008E69F6 /* DataBase.m */; };
		4366F55B15E1F82A008E69F6 /* libsqlite3.dylib in Frameworks */ = {isa = PBXBuildFile; fileRef = 4366F55A15E1F82A008E69F6 /* libsqlite3.dylib */; };
		4366F56515E20B9B008E69F6 /* BcTableCell.m in Sources */ = {isa = PBXBuildFile; fileRef = 4366F56415E20B9B008E69F6 /* BcTableCell.m */; };
		4366F56715E20BAF008E69F6 /* BcTableCell.xib in Resources */ = {isa = PBXBuildFile; fileRef = 4366F56615E20BAF008E69F6 /* BcTableCell.xib */; };
		4366F57415E214CF008E69F6 /* DataStruct.m in Sources */ = {isa = PBXBuildFile; fileRef = 4366F57315E214CF008E69F6 /* DataStruct.m */; };
		4366F57E15E21AD8008E69F6 /* EditBcViewController.m in Sources */ = {isa = PBXBuildFile; fileRef = 4366F57C15E21AD8008E69F6 /* EditBcViewController.m */; };
		4366F57F15E21AD8008E69F6 /* EditBcViewController.xib in Resources */ = {isa = PBXBuildFile; fileRef = 4366F57D15E21AD8008E69F6 /* EditBcViewController.xib */; };
		4366F58415E2212C008E69F6 /* CardOne.m in Sources */ = {isa = PBXBuildFile; fileRef = 4366F58315E2212C008E69F6 /* CardOne.m */; };
		4366F58615E22134008E69F6 /* CardOne.xib in Resources */ = {isa = PBXBuildFile; fileRef = 4366F58515E22134008E69F6 /* CardOne.xib */; };
		4366F58A15E22358008E69F6 /* CardTwo.m in Sources */ = {isa = PBXBuildFile; fileRef = 4366F58915E22358008E69F6 /* CardTwo.m */; };
		4366F58C15E22362008E69F6 /* CardTwo.xib in Resources */ = {isa = PBXBuildFile; fileRef = 4366F58B15E22362008E69F6 /* CardTwo.xib */; };
		4387206615E652DE00CC12B0 /* SelectBCTemplateViewController.m in Sources */ = {isa = PBXBuildFile; fileRef = 4387206415E652DE00CC12B0 /* SelectBCTemplateViewController.m */; };
		4387206715E652DE00CC12B0 /* SelectBCTemplateViewController.xib in Resources */ = {isa = PBXBuildFile; fileRef = 4387206515E652DE00CC12B0 /* SelectBCTemplateViewController.xib */; };
		4392074315E8DB8C008FDE68 /* Card_Menu.m in Sources */ = {isa = PBXBuildFile; fileRef = 4392074215E8DB8C008FDE68 /* Card_Menu.m */; };
		4392074515E8DB97008FDE68 /* Card_Menu.xib in Resources */ = {isa = PBXBuildFile; fileRef = 4392074415E8DB97008FDE68 /* Card_Menu.xib */; };
		4392074A15E8EE18008FDE68 /* GCOAuth.m in Sources */ = {isa = PBXBuildFile; fileRef = ACD5B4F215E933C0004646C6 /* GCOAuth.m */; settings = {COMPILER_FLAGS = "-fno-objc-arc"; }; };
		4392074B15E8EE18008FDE68 /* NSData+Base64.m in Sources */ = {isa = PBXBuildFile; fileRef = ACD5B4F515E933C0004646C6 /* NSData+Base64.m */; settings = {COMPILER_FLAGS = "-fno-objc-arc"; }; };
		4392074C15E8EE18008FDE68 /* NSString+URLEncoding.m in Sources */ = {isa = PBXBuildFile; fileRef = ACD5B4F915E933C0004646C6 /* NSString+URLEncoding.m */; settings = {COMPILER_FLAGS = "-fno-objc-arc"; }; };
		4392074D15E8EE18008FDE68 /* SSKeychain.m in Sources */ = {isa = PBXBuildFile; fileRef = ACD5B4FD15E933C0004646C6 /* SSKeychain.m */; settings = {COMPILER_FLAGS = "-fno-objc-arc"; }; };
		4392074E15E8EE18008FDE68 /* TBinaryProtocol.m in Sources */ = {isa = PBXBuildFile; fileRef = ACD5B50215E933C0004646C6 /* TBinaryProtocol.m */; settings = {COMPILER_FLAGS = "-fno-objc-arc"; }; };
		4392074F15E8EE18008FDE68 /* TProtocolException.m in Sources */ = {isa = PBXBuildFile; fileRef = ACD5B50515E933C0004646C6 /* TProtocolException.m */; settings = {COMPILER_FLAGS = "-fno-objc-arc"; }; };
		4392075015E8EE18008FDE68 /* TProtocolUtil.m in Sources */ = {isa = PBXBuildFile; fileRef = ACD5B50815E933C0004646C6 /* TProtocolUtil.m */; settings = {COMPILER_FLAGS = "-fno-objc-arc"; }; };
		4392075115E8EE18008FDE68 /* TApplicationException.m in Sources */ = {isa = PBXBuildFile; fileRef = ACD5B50A15E933C0004646C6 /* TApplicationException.m */; settings = {COMPILER_FLAGS = "-fno-objc-arc"; }; };
		4392075215E8EE18008FDE68 /* TException.m in Sources */ = {isa = PBXBuildFile; fileRef = ACD5B50C15E933C0004646C6 /* TException.m */; settings = {COMPILER_FLAGS = "-fno-objc-arc"; }; };
		4392075315E8EE18008FDE68 /* THTTPClient.m in Sources */ = {isa = PBXBuildFile; fileRef = ACD5B51215E933C0004646C6 /* THTTPClient.m */; settings = {COMPILER_FLAGS = "-fno-objc-arc"; }; };
		4392075415E8EE18008FDE68 /* TMemoryBuffer.m in Sources */ = {isa = PBXBuildFile; fileRef = ACD5B51415E933C0004646C6 /* TMemoryBuffer.m */; settings = {COMPILER_FLAGS = "-fno-objc-arc"; }; };
		4392075515E8EE18008FDE68 /* TTransportException.m in Sources */ = {isa = PBXBuildFile; fileRef = ACD5B51715E933C0004646C6 /* TTransportException.m */; settings = {COMPILER_FLAGS = "-fno-objc-arc"; }; };
		4392075615E8EE18008FDE68 /* EDAMErrors.m in Sources */ = {isa = PBXBuildFile; fileRef = ACD5B51B15E933C0004646C6 /* EDAMErrors.m */; settings = {COMPILER_FLAGS = "-fno-objc-arc"; }; };
		4392075715E8EE18008FDE68 /* EDAMLimits.m in Sources */ = {isa = PBXBuildFile; fileRef = ACD5B51D15E933C0004646C6 /* EDAMLimits.m */; settings = {COMPILER_FLAGS = "-fno-objc-arc"; }; };
		4392075815E8EE18008FDE68 /* EDAMNoteStore.m in Sources */ = {isa = PBXBuildFile; fileRef = ACD5B51F15E933C0004646C6 /* EDAMNoteStore.m */; settings = {COMPILER_FLAGS = "-fno-objc-arc"; }; };
		4392075915E8EE18008FDE68 /* EDAMTypes.m in Sources */ = {isa = PBXBuildFile; fileRef = ACD5B52115E933C0004646C6 /* EDAMTypes.m */; settings = {COMPILER_FLAGS = "-fno-objc-arc"; }; };
		4392075A15E8EE18008FDE68 /* EDAMUserStore.m in Sources */ = {isa = PBXBuildFile; fileRef = ACD5B52315E933C0004646C6 /* EDAMUserStore.m */; settings = {COMPILER_FLAGS = "-fno-objc-arc"; }; };
		4392075B15E8EE18008FDE68 /* EvernoteNoteStore.m in Sources */ = {isa = PBXBuildFile; fileRef = ACD5B52615E933C0004646C6 /* EvernoteNoteStore.m */; settings = {COMPILER_FLAGS = "-fno-objc-arc"; }; };
		4392075C15E8EE18008FDE68 /* EvernoteSDK.m in Sources */ = {isa = PBXBuildFile; fileRef = ACD5B52815E933C0004646C6 /* EvernoteSDK.m */; settings = {COMPILER_FLAGS = "-fno-objc-arc"; }; };
		4392075D15E8EE18008FDE68 /* EvernoteSession.m in Sources */ = {isa = PBXBuildFile; fileRef = ACD5B52A15E933C0004646C6 /* EvernoteSession.m */; settings = {COMPILER_FLAGS = "-fno-objc-arc"; }; };
		4392075E15E8EE18008FDE68 /* EvernoteUserStore.m in Sources */ = {isa = PBXBuildFile; fileRef = ACD5B52C15E933C0004646C6 /* EvernoteUserStore.m */; settings = {COMPILER_FLAGS = "-fno-objc-arc"; }; };
		4392075F15E8EE18008FDE68 /* ENAPI.m in Sources */ = {isa = PBXBuildFile; fileRef = ACD5B52F15E933C0004646C6 /* ENAPI.m */; settings = {COMPILER_FLAGS = "-fno-objc-arc"; }; };
		4392076015E8EE18008FDE68 /* ENCredentials.m in Sources */ = {isa = PBXBuildFile; fileRef = ACD5B53115E933C0004646C6 /* ENCredentials.m */; settings = {COMPILER_FLAGS = "-fno-objc-arc"; }; };
		4392076115E8EE18008FDE68 /* ENCredentialStore.m in Sources */ = {isa = PBXBuildFile; fileRef = ACD5B53315E933C0004646C6 /* ENCredentialStore.m */; settings = {COMPILER_FLAGS = "-fno-objc-arc"; }; };
		4392076215E8EE18008FDE68 /* ENOAuthViewController.m in Sources */ = {isa = PBXBuildFile; fileRef = ACD5B53515E933C0004646C6 /* ENOAuthViewController.m */; settings = {COMPILER_FLAGS = "-fno-objc-arc"; }; };
		4392076315E8EE18008FDE68 /* PlistClass.m in Sources */ = {isa = PBXBuildFile; fileRef = ACD5B4EC15E931B4004646C6 /* PlistClass.m */; };
		4392076515E8EF78008FDE68 /* LICENSE in Resources */ = {isa = PBXBuildFile; fileRef = ACD5B4F315E933C0004646C6 /* LICENSE */; };
		4392076615E8EF78008FDE68 /* LICENSE in Resources */ = {isa = PBXBuildFile; fileRef = ACD5B4F715E933C0004646C6 /* LICENSE */; };
		4392076715E8EF78008FDE68 /* LICENSE in Resources */ = {isa = PBXBuildFile; fileRef = ACD5B4FB15E933C0004646C6 /* LICENSE */; };
		4392076815E8EF78008FDE68 /* LICENSE in Resources */ = {isa = PBXBuildFile; fileRef = ACD5B4FF15E933C0004646C6 /* LICENSE */; };
		4392076915E8EF78008FDE68 /* userData.plist in Resources */ = {isa = PBXBuildFile; fileRef = ACE43B8415E941F400A10BB1 /* userData.plist */; };
		4399881A15E4C46900AA7483 /* Group_Menu.m in Sources */ = {isa = PBXBuildFile; fileRef = 4399881915E4C46900AA7483 /* Group_Menu.m */; };
		4399881C15E4C47300AA7483 /* Group_Menu.xib in Resources */ = {isa = PBXBuildFile; fileRef = 4399881B15E4C47300AA7483 /* Group_Menu.xib */; };
		4399882015E4E5A600AA7483 /* Msg_Cell.m in Sources */ = {isa = PBXBuildFile; fileRef = 4399881F15E4E5A600AA7483 /* Msg_Cell.m */; };
		4399882215E4E5B100AA7483 /* Msg_Cell.xib in Resources */ = {isa = PBXBuildFile; fileRef = 4399882115E4E5B100AA7483 /* Msg_Cell.xib */; };
		4399882715E4E70200AA7483 /* Add_MsgViewController.m in Sources */ = {isa = PBXBuildFile; fileRef = 4399882515E4E70200AA7483 /* Add_MsgViewController.m */; };
		4399882815E4E70200AA7483 /* Add_MsgViewController.xib in Resources */ = {isa = PBXBuildFile; fileRef = 4399882615E4E70200AA7483 /* Add_MsgViewController.xib */; };
		4399882D15E5C98500AA7483 /* BCViewController.m in Sources */ = {isa = PBXBuildFile; fileRef = 4399882B15E5C98500AA7483 /* BCViewController.m */; };
		4399882E15E5C98500AA7483 /* BCViewController.xib in Resources */ = {isa = PBXBuildFile; fileRef = 4399882C15E5C98500AA7483 /* BCViewController.xib */; };
		4399883015E5CDDF00AA7483 /* MessageUI.framework in Frameworks */ = {isa = PBXBuildFile; fileRef = 4399882F15E5CDDF00AA7483 /* MessageUI.framework */; };
		43A7B5F915EBC1200094E338 /* MsgLoadViewController.m in Sources */ = {isa = PBXBuildFile; fileRef = 43A7B5F715EBC1200094E338 /* MsgLoadViewController.m */; };
		43A7B5FA15EBC1200094E338 /* MsgLoadViewController.xib in Resources */ = {isa = PBXBuildFile; fileRef = 43A7B5F815EBC1200094E338 /* MsgLoadViewController.xib */; };
		43F9426815E0CC1F005893A9 /* UIKit.framework in Frameworks */ = {isa = PBXBuildFile; fileRef = 43F9426715E0CC1F005893A9 /* UIKit.framework */; };
		43F9426A15E0CC1F005893A9 /* Foundation.framework in Frameworks */ = {isa = PBXBuildFile; fileRef = 43F9426915E0CC1F005893A9 /* Foundation.framework */; };
		43F9426C15E0CC1F005893A9 /* CoreGraphics.framework in Frameworks */ = {isa = PBXBuildFile; fileRef = 43F9426B15E0CC1F005893A9 /* CoreGraphics.framework */; };
		43F9427215E0CC1F005893A9 /* InfoPlist.strings in Resources */ = {isa = PBXBuildFile; fileRef = 43F9427015E0CC1F005893A9 /* InfoPlist.strings */; };
		43F9427415E0CC1F005893A9 /* main.m in Sources */ = {isa = PBXBuildFile; fileRef = 43F9427315E0CC1F005893A9 /* main.m */; };
		43F9427815E0CC1F005893A9 /* AppDelegate.m in Sources */ = {isa = PBXBuildFile; fileRef = 43F9427715E0CC1F005893A9 /* AppDelegate.m */; };
		43F9428D15E1CFDF005893A9 /* FirstTabViewController.m in Sources */ = {isa = PBXBuildFile; fileRef = 43F9428B15E1CFDF005893A9 /* FirstTabViewController.m */; };
		43F9428E15E1CFDF005893A9 /* FirstTabViewController.xib in Resources */ = {isa = PBXBuildFile; fileRef = 43F9428C15E1CFDF005893A9 /* FirstTabViewController.xib */; };
		AC31358315EF69A900AD9DA7 /* NSData+MD5.m in Sources */ = {isa = PBXBuildFile; fileRef = AC31358215EF69A900AD9DA7 /* NSData+MD5.m */; settings = {COMPILER_FLAGS = "-fno-objc-arc"; }; };
		AC47488615ECB4960030FAB4 /* OverlayView.m in Sources */ = {isa = PBXBuildFile; fileRef = AC47488415ECB4960030FAB4 /* OverlayView.m */; };
		AC47488715ECB4960030FAB4 /* OverlayView.xib in Resources */ = {isa = PBXBuildFile; fileRef = AC47488515ECB4960030FAB4 /* OverlayView.xib */; };
		AC47488915ECB4B20030FAB4 /* test.png in Resources */ = {isa = PBXBuildFile; fileRef = AC47488815ECB4B20030FAB4 /* test.png */; };
		ACCB947A15ECB37400D2D3C3 /* ScanViewController.m in Sources */ = {isa = PBXBuildFile; fileRef = ACCB947815ECB37400D2D3C3 /* ScanViewController.m */; };
		ACCB947B15ECB37400D2D3C3 /* ScanViewController.xib in Resources */ = {isa = PBXBuildFile; fileRef = ACCB947915ECB37400D2D3C3 /* ScanViewController.xib */; };
		ACE43B8215E93CF200A10BB1 /* Security.framework in Frameworks */ = {isa = PBXBuildFile; fileRef = ACE43B8115E93CF200A10BB1 /* Security.framework */; };
/* End PBXBuildFile section */

/* Begin PBXFileReference section */
		435239B315ECBC6900CA81F6 /* AddressBook.framework */ = {isa = PBXFileReference; lastKnownFileType = wrapper.framework; name = AddressBook.framework; path = System/Library/Frameworks/AddressBook.framework; sourceTree = SDKROOT; };
		435239B515ECBC6F00CA81F6 /* AddressBookUI.framework */ = {isa = PBXFileReference; lastKnownFileType = wrapper.framework; name = AddressBookUI.framework; path = System/Library/Frameworks/AddressBookUI.framework; sourceTree = SDKROOT; };
		435239B715EF3DD500CA81F6 /* main_background_960_600.png */ = {isa = PBXFileReference; lastKnownFileType = image.png; path = main_background_960_600.png; sourceTree = "<group>"; };
		435239BA15EF3E9100CA81F6 /* main_black_bar_150_600.png */ = {isa = PBXFileReference; lastKnownFileType = image.png; path = main_black_bar_150_600.png; sourceTree = "<group>"; };
		435239BC15EF416000CA81F6 /* main_search_box_360_40.png */ = {isa = PBXFileReference; lastKnownFileType = image.png; path = main_search_box_360_40.png; sourceTree = "<group>"; };
		435239BE15EF48A100CA81F6 /* main_top_add1_62_72.png */ = {isa = PBXFileReference; lastKnownFileType = image.png; path = main_top_add1_62_72.png; sourceTree = "<group>"; };
		435239C015EF48F500CA81F6 /* main_top_edit1_62_72.png */ = {isa = PBXFileReference; lastKnownFileType = image.png; path = main_top_edit1_62_72.png; sourceTree = "<group>"; };
		435239C215EF493700CA81F6 /* main_top_lineup1_62_72.png */ = {isa = PBXFileReference; lastKnownFileType = image.png; path = main_top_lineup1_62_72.png; sourceTree = "<group>"; };
		435239C415EF49FF00CA81F6 /* main_top_edit2_62_72.png */ = {isa = PBXFileReference; lastKnownFileType = image.png; path = main_top_edit2_62_72.png; sourceTree = "<group>"; };
		435239C815EF4B7700CA81F6 /* main_top_add2_62_72.png */ = {isa = PBXFileReference; lastKnownFileType = image.png; path = main_top_add2_62_72.png; sourceTree = "<group>"; };
		435239CA15EF4BB000CA81F6 /* main_top_lineup2_62_72.png */ = {isa = PBXFileReference; lastKnownFileType = image.png; path = main_top_lineup2_62_72.png; sourceTree = "<group>"; };
		435239D015EF4F0F00CA81F6 /* main_tap_rotate_bg_120_380.png */ = {isa = PBXFileReference; lastKnownFileType = image.png; path = main_tap_rotate_bg_120_380.png; sourceTree = "<group>"; };
		435239D115EF4F0F00CA81F6 /* main_tap1_rotate_120_380.png */ = {isa = PBXFileReference; lastKnownFileType = image.png; path = main_tap1_rotate_120_380.png; sourceTree = "<group>"; };
		435239D415EF54C700CA81F6 /* main_black_bar_select_white_164_84.png */ = {isa = PBXFileReference; lastKnownFileType = image.png; path = main_black_bar_select_white_164_84.png; sourceTree = "<group>"; };
		435239D615EF551800CA81F6 /* main_info_textbox_495_145.png */ = {isa = PBXFileReference; lastKnownFileType = image.png; path = main_info_textbox_495_145.png; sourceTree = "<group>"; };
		435239D815EF5DDF00CA81F6 /* main_ADDgroup_26_26.png */ = {isa = PBXFileReference; lastKnownFileType = image.png; path = main_ADDgroup_26_26.png; sourceTree = "<group>"; };
		435239DE15EF733000CA81F6 /* main_bizcard_image_260_145.png */ = {isa = PBXFileReference; lastKnownFileType = image.png; path = main_bizcard_image_260_145.png; sourceTree = "<group>"; };
		435239E115EF776A00CA81F6 /* main_ADDgroup_26_26@2x.png */ = {isa = PBXFileReference; lastKnownFileType = image.png; path = "main_ADDgroup_26_26@2x.png"; sourceTree = "<group>"; };
		435239E215EF776A00CA81F6 /* main_background_960_600@2x.png */ = {isa = PBXFileReference; lastKnownFileType = image.png; path = "main_background_960_600@2x.png"; sourceTree = "<group>"; };
		435239E315EF776A00CA81F6 /* main_bizcard_image_260_145@2x.png */ = {isa = PBXFileReference; lastKnownFileType = image.png; path = "main_bizcard_image_260_145@2x.png"; sourceTree = "<group>"; };
		435239E415EF776A00CA81F6 /* main_black_bar_150_600@2x.png */ = {isa = PBXFileReference; lastKnownFileType = image.png; path = "main_black_bar_150_600@2x.png"; sourceTree = "<group>"; };
		435239E515EF776A00CA81F6 /* main_black_bar_select_white_164_84@2x.png */ = {isa = PBXFileReference; lastKnownFileType = image.png; path = "main_black_bar_select_white_164_84@2x.png"; sourceTree = "<group>"; };
		435239E615EF776A00CA81F6 /* main_info_textbox_495_145@2x.png */ = {isa = PBXFileReference; lastKnownFileType = image.png; path = "main_info_textbox_495_145@2x.png"; sourceTree = "<group>"; };
		435239E715EF776A00CA81F6 /* main_search_box_360_40@2x.png */ = {isa = PBXFileReference; lastKnownFileType = image.png; path = "main_search_box_360_40@2x.png"; sourceTree = "<group>"; };
		435239E815EF776A00CA81F6 /* main_tap_rotate_bg_120_380@2x.png */ = {isa = PBXFileReference; lastKnownFileType = image.png; path = "main_tap_rotate_bg_120_380@2x.png"; sourceTree = "<group>"; };
		435239E915EF776A00CA81F6 /* main_tap1_rotate_120_380@2x.png */ = {isa = PBXFileReference; lastKnownFileType = image.png; path = "main_tap1_rotate_120_380@2x.png"; sourceTree = "<group>"; };
		435239EA15EF776A00CA81F6 /* main_top_add1_62_72@2x.png */ = {isa = PBXFileReference; lastKnownFileType = image.png; path = "main_top_add1_62_72@2x.png"; sourceTree = "<group>"; };
		435239EB15EF776A00CA81F6 /* main_top_add2_62_72@2x.png */ = {isa = PBXFileReference; lastKnownFileType = image.png; path = "main_top_add2_62_72@2x.png"; sourceTree = "<group>"; };
		435239EC15EF776A00CA81F6 /* main_top_edit1_62_72@2x.png */ = {isa = PBXFileReference; lastKnownFileType = image.png; path = "main_top_edit1_62_72@2x.png"; sourceTree = "<group>"; };
		435239ED15EF776A00CA81F6 /* main_top_edit2_62_72@2x.png */ = {isa = PBXFileReference; lastKnownFileType = image.png; path = "main_top_edit2_62_72@2x.png"; sourceTree = "<group>"; };
		435239EE15EF776A00CA81F6 /* main_top_lineup1_62_72@2x.png */ = {isa = PBXFileReference; lastKnownFileType = image.png; path = "main_top_lineup1_62_72@2x.png"; sourceTree = "<group>"; };
		435239EF15EF776A00CA81F6 /* main_top_lineup2_62_72@2x.png */ = {isa = PBXFileReference; lastKnownFileType = image.png; path = "main_top_lineup2_62_72@2x.png"; sourceTree = "<group>"; };
		4366F50115E1D2B7008E69F6 /* LoginViewController.h */ = {isa = PBXFileReference; fileEncoding = 4; lastKnownFileType = sourcecode.c.h; path = LoginViewController.h; sourceTree = "<group>"; };
		4366F50215E1D2B7008E69F6 /* LoginViewController.m */ = {isa = PBXFileReference; fileEncoding = 4; lastKnownFileType = sourcecode.c.objc; path = LoginViewController.m; sourceTree = "<group>"; };
		4366F50315E1D2B7008E69F6 /* LoginViewController.xib */ = {isa = PBXFileReference; fileEncoding = 4; lastKnownFileType = file.xib; path = LoginViewController.xib; sourceTree = "<group>"; };
		4366F51215E1D444008E69F6 /* TabbarViewController.h */ = {isa = PBXFileReference; fileEncoding = 4; lastKnownFileType = sourcecode.c.h; path = TabbarViewController.h; sourceTree = "<group>"; };
		4366F51315E1D444008E69F6 /* TabbarViewController.m */ = {isa = PBXFileReference; fileEncoding = 4; lastKnownFileType = sourcecode.c.objc; path = TabbarViewController.m; sourceTree = "<group>"; };
		4366F51415E1D444008E69F6 /* TabbarViewController.xib */ = {isa = PBXFileReference; fileEncoding = 4; lastKnownFileType = file.xib; path = TabbarViewController.xib; sourceTree = "<group>"; };
		4366F52115E1D566008E69F6 /* delbtn.png */ = {isa = PBXFileReference; lastKnownFileType = image.png; path = delbtn.png; sourceTree = "<group>"; };
		4366F52215E1D566008E69F6 /* ic_mylocation_off.png */ = {isa = PBXFileReference; lastKnownFileType = image.png; path = ic_mylocation_off.png; sourceTree = "<group>"; };
		4366F52315E1D566008E69F6 /* ic_mylocation_on.png */ = {isa = PBXFileReference; lastKnownFileType = image.png; path = ic_mylocation_on.png; sourceTree = "<group>"; };
		4366F52415E1D566008E69F6 /* blue.png */ = {isa = PBXFileReference; lastKnownFileType = image.png; path = blue.png; sourceTree = "<group>"; };
		4366F52515E1D566008E69F6 /* btn.png */ = {isa = PBXFileReference; lastKnownFileType = image.png; path = btn.png; sourceTree = "<group>"; };
		4366F52615E1D566008E69F6 /* gadd.png */ = {isa = PBXFileReference; lastKnownFileType = image.png; path = gadd.png; sourceTree = "<group>"; };
		4366F52715E1D566008E69F6 /* note.png */ = {isa = PBXFileReference; lastKnownFileType = image.png; path = note.png; sourceTree = "<group>"; };
		4366F52815E1D566008E69F6 /* gemail.png */ = {isa = PBXFileReference; lastKnownFileType = image.png; path = gemail.png; sourceTree = "<group>"; };
		4366F52915E1D566008E69F6 /* gsms.png */ = {isa = PBXFileReference; lastKnownFileType = image.png; path = gsms.png; sourceTree = "<group>"; };
		4366F52A15E1D566008E69F6 /* groupmenubg.png */ = {isa = PBXFileReference; lastKnownFileType = image.png; path = groupmenubg.png; sourceTree = "<group>"; };
		4366F52B15E1D566008E69F6 /* checkbox.png */ = {isa = PBXFileReference; lastKnownFileType = image.png; path = checkbox.png; sourceTree = "<group>"; };
		4366F52C15E1D566008E69F6 /* checked.png */ = {isa = PBXFileReference; lastKnownFileType = image.png; path = checked.png; sourceTree = "<group>"; };
		4366F52D15E1D566008E69F6 /* red.png */ = {isa = PBXFileReference; lastKnownFileType = image.png; path = red.png; sourceTree = "<group>"; };
		4366F52E15E1D566008E69F6 /* gdel.png */ = {isa = PBXFileReference; lastKnownFileType = image.png; path = gdel.png; sourceTree = "<group>"; };
		4366F52F15E1D566008E69F6 /* gedit.png */ = {isa = PBXFileReference; lastKnownFileType = image.png; path = gedit.png; sourceTree = "<group>"; };
		4366F53015E1D566008E69F6 /* yellow.png */ = {isa = PBXFileReference; lastKnownFileType = image.png; path = yellow.png; sourceTree = "<group>"; };
		4366F54515E1D597008E69F6 /* TabbarView.h */ = {isa = PBXFileReference; fileEncoding = 4; lastKnownFileType = sourcecode.c.h; path = TabbarView.h; sourceTree = "<group>"; };
		4366F54615E1D597008E69F6 /* TabbarView.m */ = {isa = PBXFileReference; fileEncoding = 4; lastKnownFileType = sourcecode.c.objc; path = TabbarView.m; sourceTree = "<group>"; };
		4366F54815E1D59F008E69F6 /* TabbarView.xib */ = {isa = PBXFileReference; fileEncoding = 4; lastKnownFileType = file.xib; path = TabbarView.xib; sourceTree = "<group>"; };
		4366F54C15E1D913008E69F6 /* SecondTabViewController.h */ = {isa = PBXFileReference; fileEncoding = 4; lastKnownFileType = sourcecode.c.h; path = SecondTabViewController.h; sourceTree = "<group>"; };
		4366F54D15E1D913008E69F6 /* SecondTabViewController.m */ = {isa = PBXFileReference; fileEncoding = 4; lastKnownFileType = sourcecode.c.objc; path = SecondTabViewController.m; sourceTree = "<group>"; };
		4366F54E15E1D913008E69F6 /* SecondTabViewController.xib */ = {isa = PBXFileReference; fileEncoding = 4; lastKnownFileType = file.xib; path = SecondTabViewController.xib; sourceTree = "<group>"; };
		4366F55115E1D922008E69F6 /* ThirdTabViewController.h */ = {isa = PBXFileReference; fileEncoding = 4; lastKnownFileType = sourcecode.c.h; path = ThirdTabViewController.h; sourceTree = "<group>"; };
		4366F55215E1D922008E69F6 /* ThirdTabViewController.m */ = {isa = PBXFileReference; fileEncoding = 4; lastKnownFileType = sourcecode.c.objc; path = ThirdTabViewController.m; sourceTree = "<group>"; };
		4366F55315E1D922008E69F6 /* ThirdTabViewController.xib */ = {isa = PBXFileReference; fileEncoding = 4; lastKnownFileType = file.xib; path = ThirdTabViewController.xib; sourceTree = "<group>"; };
		4366F55715E1F5BD008E69F6 /* DataBase.h */ = {isa = PBXFileReference; fileEncoding = 4; lastKnownFileType = sourcecode.c.h; path = DataBase.h; sourceTree = "<group>"; };
		4366F55815E1F5BD008E69F6 /* DataBase.m */ = {isa = PBXFileReference; fileEncoding = 4; lastKnownFileType = sourcecode.c.objc; path = DataBase.m; sourceTree = "<group>"; };
		4366F55A15E1F82A008E69F6 /* libsqlite3.dylib */ = {isa = PBXFileReference; lastKnownFileType = "compiled.mach-o.dylib"; name = libsqlite3.dylib; path = usr/lib/libsqlite3.dylib; sourceTree = SDKROOT; };
		4366F56315E20B9B008E69F6 /* BcTableCell.h */ = {isa = PBXFileReference; fileEncoding = 4; lastKnownFileType = sourcecode.c.h; path = BcTableCell.h; sourceTree = "<group>"; };
		4366F56415E20B9B008E69F6 /* BcTableCell.m */ = {isa = PBXFileReference; fileEncoding = 4; lastKnownFileType = sourcecode.c.objc; path = BcTableCell.m; sourceTree = "<group>"; };
		4366F56615E20BAF008E69F6 /* BcTableCell.xib */ = {isa = PBXFileReference; fileEncoding = 4; lastKnownFileType = file.xib; path = BcTableCell.xib; sourceTree = "<group>"; };
		4366F57215E214CF008E69F6 /* DataStruct.h */ = {isa = PBXFileReference; fileEncoding = 4; lastKnownFileType = sourcecode.c.h; path = DataStruct.h; sourceTree = "<group>"; };
		4366F57315E214CF008E69F6 /* DataStruct.m */ = {isa = PBXFileReference; fileEncoding = 4; lastKnownFileType = sourcecode.c.objc; path = DataStruct.m; sourceTree = "<group>"; };
		4366F57B15E21AD8008E69F6 /* EditBcViewController.h */ = {isa = PBXFileReference; fileEncoding = 4; lastKnownFileType = sourcecode.c.h; path = EditBcViewController.h; sourceTree = "<group>"; };
		4366F57C15E21AD8008E69F6 /* EditBcViewController.m */ = {isa = PBXFileReference; fileEncoding = 4; lastKnownFileType = sourcecode.c.objc; path = EditBcViewController.m; sourceTree = "<group>"; };
		4366F57D15E21AD8008E69F6 /* EditBcViewController.xib */ = {isa = PBXFileReference; fileEncoding = 4; lastKnownFileType = file.xib; path = EditBcViewController.xib; sourceTree = "<group>"; };
		4366F58215E2212C008E69F6 /* CardOne.h */ = {isa = PBXFileReference; fileEncoding = 4; lastKnownFileType = sourcecode.c.h; path = CardOne.h; sourceTree = "<group>"; };
		4366F58315E2212C008E69F6 /* CardOne.m */ = {isa = PBXFileReference; fileEncoding = 4; lastKnownFileType = sourcecode.c.objc; path = CardOne.m; sourceTree = "<group>"; };
		4366F58515E22134008E69F6 /* CardOne.xib */ = {isa = PBXFileReference; fileEncoding = 4; lastKnownFileType = file.xib; path = CardOne.xib; sourceTree = "<group>"; };
		4366F58815E22358008E69F6 /* CardTwo.h */ = {isa = PBXFileReference; fileEncoding = 4; lastKnownFileType = sourcecode.c.h; path = CardTwo.h; sourceTree = "<group>"; };
		4366F58915E22358008E69F6 /* CardTwo.m */ = {isa = PBXFileReference; fileEncoding = 4; lastKnownFileType = sourcecode.c.objc; path = CardTwo.m; sourceTree = "<group>"; };
		4366F58B15E22362008E69F6 /* CardTwo.xib */ = {isa = PBXFileReference; fileEncoding = 4; lastKnownFileType = file.xib; path = CardTwo.xib; sourceTree = "<group>"; };
		4387206315E652DE00CC12B0 /* SelectBCTemplateViewController.h */ = {isa = PBXFileReference; fileEncoding = 4; lastKnownFileType = sourcecode.c.h; name = SelectBCTemplateViewController.h; path = BizCard/SelectBCTemplateViewController.h; sourceTree = "<group>"; };
		4387206415E652DE00CC12B0 /* SelectBCTemplateViewController.m */ = {isa = PBXFileReference; fileEncoding = 4; lastKnownFileType = sourcecode.c.objc; name = SelectBCTemplateViewController.m; path = BizCard/SelectBCTemplateViewController.m; sourceTree = "<group>"; };
		4387206515E652DE00CC12B0 /* SelectBCTemplateViewController.xib */ = {isa = PBXFileReference; fileEncoding = 4; lastKnownFileType = file.xib; name = SelectBCTemplateViewController.xib; path = BizCard/SelectBCTemplateViewController.xib; sourceTree = "<group>"; };
		4392074115E8DB8C008FDE68 /* Card_Menu.h */ = {isa = PBXFileReference; fileEncoding = 4; lastKnownFileType = sourcecode.c.h; path = Card_Menu.h; sourceTree = "<group>"; };
		4392074215E8DB8C008FDE68 /* Card_Menu.m */ = {isa = PBXFileReference; fileEncoding = 4; lastKnownFileType = sourcecode.c.objc; path = Card_Menu.m; sourceTree = "<group>"; };
		4392074415E8DB97008FDE68 /* Card_Menu.xib */ = {isa = PBXFileReference; fileEncoding = 4; lastKnownFileType = file.xib; path = Card_Menu.xib; sourceTree = "<group>"; };
		4399881815E4C46900AA7483 /* Group_Menu.h */ = {isa = PBXFileReference; fileEncoding = 4; lastKnownFileType = sourcecode.c.h; path = Group_Menu.h; sourceTree = "<group>"; };
		4399881915E4C46900AA7483 /* Group_Menu.m */ = {isa = PBXFileReference; fileEncoding = 4; lastKnownFileType = sourcecode.c.objc; path = Group_Menu.m; sourceTree = "<group>"; };
		4399881B15E4C47300AA7483 /* Group_Menu.xib */ = {isa = PBXFileReference; fileEncoding = 4; lastKnownFileType = file.xib; path = Group_Menu.xib; sourceTree = "<group>"; };
		4399881E15E4E5A600AA7483 /* Msg_Cell.h */ = {isa = PBXFileReference; fileEncoding = 4; lastKnownFileType = sourcecode.c.h; path = Msg_Cell.h; sourceTree = "<group>"; };
		4399881F15E4E5A600AA7483 /* Msg_Cell.m */ = {isa = PBXFileReference; fileEncoding = 4; lastKnownFileType = sourcecode.c.objc; path = Msg_Cell.m; sourceTree = "<group>"; };
		4399882115E4E5B100AA7483 /* Msg_Cell.xib */ = {isa = PBXFileReference; fileEncoding = 4; lastKnownFileType = file.xib; path = Msg_Cell.xib; sourceTree = "<group>"; };
		4399882415E4E70200AA7483 /* Add_MsgViewController.h */ = {isa = PBXFileReference; fileEncoding = 4; lastKnownFileType = sourcecode.c.h; path = Add_MsgViewController.h; sourceTree = "<group>"; };
		4399882515E4E70200AA7483 /* Add_MsgViewController.m */ = {isa = PBXFileReference; fileEncoding = 4; lastKnownFileType = sourcecode.c.objc; path = Add_MsgViewController.m; sourceTree = "<group>"; };
		4399882615E4E70200AA7483 /* Add_MsgViewController.xib */ = {isa = PBXFileReference; fileEncoding = 4; lastKnownFileType = file.xib; path = Add_MsgViewController.xib; sourceTree = "<group>"; };
		4399882A15E5C98500AA7483 /* BCViewController.h */ = {isa = PBXFileReference; fileEncoding = 4; lastKnownFileType = sourcecode.c.h; path = BCViewController.h; sourceTree = "<group>"; };
		4399882B15E5C98500AA7483 /* BCViewController.m */ = {isa = PBXFileReference; fileEncoding = 4; lastKnownFileType = sourcecode.c.objc; path = BCViewController.m; sourceTree = "<group>"; };
		4399882C15E5C98500AA7483 /* BCViewController.xib */ = {isa = PBXFileReference; fileEncoding = 4; lastKnownFileType = file.xib; path = BCViewController.xib; sourceTree = "<group>"; };
		4399882F15E5CDDF00AA7483 /* MessageUI.framework */ = {isa = PBXFileReference; lastKnownFileType = wrapper.framework; name = MessageUI.framework; path = System/Library/Frameworks/MessageUI.framework; sourceTree = SDKROOT; };
		43A7B5F615EBC1200094E338 /* MsgLoadViewController.h */ = {isa = PBXFileReference; fileEncoding = 4; lastKnownFileType = sourcecode.c.h; path = MsgLoadViewController.h; sourceTree = "<group>"; };
		43A7B5F715EBC1200094E338 /* MsgLoadViewController.m */ = {isa = PBXFileReference; fileEncoding = 4; lastKnownFileType = sourcecode.c.objc; path = MsgLoadViewController.m; sourceTree = "<group>"; };
		43A7B5F815EBC1200094E338 /* MsgLoadViewController.xib */ = {isa = PBXFileReference; fileEncoding = 4; lastKnownFileType = file.xib; path = MsgLoadViewController.xib; sourceTree = "<group>"; };
		43F9426315E0CC1F005893A9 /* BizCard.app */ = {isa = PBXFileReference; explicitFileType = wrapper.application; includeInIndex = 0; path = BizCard.app; sourceTree = BUILT_PRODUCTS_DIR; };
		43F9426715E0CC1F005893A9 /* UIKit.framework */ = {isa = PBXFileReference; lastKnownFileType = wrapper.framework; name = UIKit.framework; path = System/Library/Frameworks/UIKit.framework; sourceTree = SDKROOT; };
		43F9426915E0CC1F005893A9 /* Foundation.framework */ = {isa = PBXFileReference; lastKnownFileType = wrapper.framework; name = Foundation.framework; path = System/Library/Frameworks/Foundation.framework; sourceTree = SDKROOT; };
		43F9426B15E0CC1F005893A9 /* CoreGraphics.framework */ = {isa = PBXFileReference; lastKnownFileType = wrapper.framework; name = CoreGraphics.framework; path = System/Library/Frameworks/CoreGraphics.framework; sourceTree = SDKROOT; };
		43F9426F15E0CC1F005893A9 /* BizCard-Info.plist */ = {isa = PBXFileReference; lastKnownFileType = text.plist.xml; path = "BizCard-Info.plist"; sourceTree = "<group>"; };
		43F9427115E0CC1F005893A9 /* en */ = {isa = PBXFileReference; lastKnownFileType = text.plist.strings; name = en; path = en.lproj/InfoPlist.strings; sourceTree = "<group>"; };
		43F9427315E0CC1F005893A9 /* main.m */ = {isa = PBXFileReference; lastKnownFileType = sourcecode.c.objc; path = main.m; sourceTree = "<group>"; };
		43F9427515E0CC1F005893A9 /* BizCard-Prefix.pch */ = {isa = PBXFileReference; lastKnownFileType = sourcecode.c.h; path = "BizCard-Prefix.pch"; sourceTree = "<group>"; };
		43F9427615E0CC1F005893A9 /* AppDelegate.h */ = {isa = PBXFileReference; lastKnownFileType = sourcecode.c.h; path = AppDelegate.h; sourceTree = "<group>"; };
		43F9427715E0CC1F005893A9 /* AppDelegate.m */ = {isa = PBXFileReference; lastKnownFileType = sourcecode.c.objc; path = AppDelegate.m; sourceTree = "<group>"; };
		43F9428A15E1CFDF005893A9 /* FirstTabViewController.h */ = {isa = PBXFileReference; fileEncoding = 4; lastKnownFileType = sourcecode.c.h; path = FirstTabViewController.h; sourceTree = "<group>"; };
		43F9428B15E1CFDF005893A9 /* FirstTabViewController.m */ = {isa = PBXFileReference; fileEncoding = 4; lastKnownFileType = sourcecode.c.objc; path = FirstTabViewController.m; sourceTree = "<group>"; };
		43F9428C15E1CFDF005893A9 /* FirstTabViewController.xib */ = {isa = PBXFileReference; fileEncoding = 4; lastKnownFileType = file.xib; path = FirstTabViewController.xib; sourceTree = "<group>"; };
		AC31358115EF69A900AD9DA7 /* NSData+MD5.h */ = {isa = PBXFileReference; fileEncoding = 4; lastKnownFileType = sourcecode.c.h; path = "NSData+MD5.h"; sourceTree = "<group>"; };
		AC31358215EF69A900AD9DA7 /* NSData+MD5.m */ = {isa = PBXFileReference; fileEncoding = 4; lastKnownFileType = sourcecode.c.objc; path = "NSData+MD5.m"; sourceTree = "<group>"; };
		AC47488315ECB4960030FAB4 /* OverlayView.h */ = {isa = PBXFileReference; fileEncoding = 4; lastKnownFileType = sourcecode.c.h; path = OverlayView.h; sourceTree = "<group>"; };
		AC47488415ECB4960030FAB4 /* OverlayView.m */ = {isa = PBXFileReference; fileEncoding = 4; lastKnownFileType = sourcecode.c.objc; path = OverlayView.m; sourceTree = "<group>"; };
		AC47488515ECB4960030FAB4 /* OverlayView.xib */ = {isa = PBXFileReference; fileEncoding = 4; lastKnownFileType = file.xib; path = OverlayView.xib; sourceTree = "<group>"; };
		AC47488815ECB4B20030FAB4 /* test.png */ = {isa = PBXFileReference; lastKnownFileType = image.png; path = test.png; sourceTree = "<group>"; };
		ACCB947715ECB37400D2D3C3 /* ScanViewController.h */ = {isa = PBXFileReference; fileEncoding = 4; lastKnownFileType = sourcecode.c.h; path = ScanViewController.h; sourceTree = "<group>"; };
		ACCB947815ECB37400D2D3C3 /* ScanViewController.m */ = {isa = PBXFileReference; fileEncoding = 4; lastKnownFileType = sourcecode.c.objc; path = ScanViewController.m; sourceTree = "<group>"; };
		ACCB947915ECB37400D2D3C3 /* ScanViewController.xib */ = {isa = PBXFileReference; fileEncoding = 4; lastKnownFileType = file.xib; path = ScanViewController.xib; sourceTree = "<group>"; };
		ACD5B4EB15E931B4004646C6 /* PlistClass.h */ = {isa = PBXFileReference; fileEncoding = 4; lastKnownFileType = sourcecode.c.h; path = PlistClass.h; sourceTree = "<group>"; };
		ACD5B4EC15E931B4004646C6 /* PlistClass.m */ = {isa = PBXFileReference; fileEncoding = 4; lastKnownFileType = sourcecode.c.objc; path = PlistClass.m; sourceTree = "<group>"; };
		ACD5B4F115E933C0004646C6 /* GCOAuth.h */ = {isa = PBXFileReference; fileEncoding = 4; lastKnownFileType = sourcecode.c.h; path = GCOAuth.h; sourceTree = "<group>"; };
		ACD5B4F215E933C0004646C6 /* GCOAuth.m */ = {isa = PBXFileReference; fileEncoding = 4; lastKnownFileType = sourcecode.c.objc; path = GCOAuth.m; sourceTree = "<group>"; };
		ACD5B4F315E933C0004646C6 /* LICENSE */ = {isa = PBXFileReference; fileEncoding = 4; lastKnownFileType = text; path = LICENSE; sourceTree = "<group>"; };
		ACD5B4F415E933C0004646C6 /* NSData+Base64.h */ = {isa = PBXFileReference; fileEncoding = 4; lastKnownFileType = sourcecode.c.h; path = "NSData+Base64.h"; sourceTree = "<group>"; };
		ACD5B4F515E933C0004646C6 /* NSData+Base64.m */ = {isa = PBXFileReference; fileEncoding = 4; lastKnownFileType = sourcecode.c.objc; path = "NSData+Base64.m"; sourceTree = "<group>"; };
		ACD5B4F715E933C0004646C6 /* LICENSE */ = {isa = PBXFileReference; fileEncoding = 4; lastKnownFileType = text; path = LICENSE; sourceTree = "<group>"; };
		ACD5B4F815E933C0004646C6 /* NSString+URLEncoding.h */ = {isa = PBXFileReference; fileEncoding = 4; lastKnownFileType = sourcecode.c.h; path = "NSString+URLEncoding.h"; sourceTree = "<group>"; };
		ACD5B4F915E933C0004646C6 /* NSString+URLEncoding.m */ = {isa = PBXFileReference; fileEncoding = 4; lastKnownFileType = sourcecode.c.objc; path = "NSString+URLEncoding.m"; sourceTree = "<group>"; };
		ACD5B4FB15E933C0004646C6 /* LICENSE */ = {isa = PBXFileReference; fileEncoding = 4; lastKnownFileType = text; path = LICENSE; sourceTree = "<group>"; };
		ACD5B4FC15E933C0004646C6 /* SSKeychain.h */ = {isa = PBXFileReference; fileEncoding = 4; lastKnownFileType = sourcecode.c.h; path = SSKeychain.h; sourceTree = "<group>"; };
		ACD5B4FD15E933C0004646C6 /* SSKeychain.m */ = {isa = PBXFileReference; fileEncoding = 4; lastKnownFileType = sourcecode.c.objc; path = SSKeychain.m; sourceTree = "<group>"; };
		ACD5B4FF15E933C0004646C6 /* LICENSE */ = {isa = PBXFileReference; fileEncoding = 4; lastKnownFileType = text; path = LICENSE; sourceTree = "<group>"; };
		ACD5B50115E933C0004646C6 /* TBinaryProtocol.h */ = {isa = PBXFileReference; fileEncoding = 4; lastKnownFileType = sourcecode.c.h; path = TBinaryProtocol.h; sourceTree = "<group>"; };
		ACD5B50215E933C0004646C6 /* TBinaryProtocol.m */ = {isa = PBXFileReference; fileEncoding = 4; lastKnownFileType = sourcecode.c.objc; path = TBinaryProtocol.m; sourceTree = "<group>"; };
		ACD5B50315E933C0004646C6 /* TProtocol.h */ = {isa = PBXFileReference; fileEncoding = 4; lastKnownFileType = sourcecode.c.h; path = TProtocol.h; sourceTree = "<group>"; };
		ACD5B50415E933C0004646C6 /* TProtocolException.h */ = {isa = PBXFileReference; fileEncoding = 4; lastKnownFileType = sourcecode.c.h; path = TProtocolException.h; sourceTree = "<group>"; };
		ACD5B50515E933C0004646C6 /* TProtocolException.m */ = {isa = PBXFileReference; fileEncoding = 4; lastKnownFileType = sourcecode.c.objc; path = TProtocolException.m; sourceTree = "<group>"; };
		ACD5B50615E933C0004646C6 /* TProtocolFactory.h */ = {isa = PBXFileReference; fileEncoding = 4; lastKnownFileType = sourcecode.c.h; path = TProtocolFactory.h; sourceTree = "<group>"; };
		ACD5B50715E933C0004646C6 /* TProtocolUtil.h */ = {isa = PBXFileReference; fileEncoding = 4; lastKnownFileType = sourcecode.c.h; path = TProtocolUtil.h; sourceTree = "<group>"; };
		ACD5B50815E933C0004646C6 /* TProtocolUtil.m */ = {isa = PBXFileReference; fileEncoding = 4; lastKnownFileType = sourcecode.c.objc; path = TProtocolUtil.m; sourceTree = "<group>"; };
		ACD5B50915E933C0004646C6 /* TApplicationException.h */ = {isa = PBXFileReference; fileEncoding = 4; lastKnownFileType = sourcecode.c.h; path = TApplicationException.h; sourceTree = "<group>"; };
		ACD5B50A15E933C0004646C6 /* TApplicationException.m */ = {isa = PBXFileReference; fileEncoding = 4; lastKnownFileType = sourcecode.c.objc; path = TApplicationException.m; sourceTree = "<group>"; };
		ACD5B50B15E933C0004646C6 /* TException.h */ = {isa = PBXFileReference; fileEncoding = 4; lastKnownFileType = sourcecode.c.h; path = TException.h; sourceTree = "<group>"; };
		ACD5B50C15E933C0004646C6 /* TException.m */ = {isa = PBXFileReference; fileEncoding = 4; lastKnownFileType = sourcecode.c.objc; path = TException.m; sourceTree = "<group>"; };
		ACD5B50D15E933C0004646C6 /* Thrift.h */ = {isa = PBXFileReference; fileEncoding = 4; lastKnownFileType = sourcecode.c.h; path = Thrift.h; sourceTree = "<group>"; };
		ACD5B50E15E933C0004646C6 /* TProcessor.h */ = {isa = PBXFileReference; fileEncoding = 4; lastKnownFileType = sourcecode.c.h; path = TProcessor.h; sourceTree = "<group>"; };
		ACD5B50F15E933C0004646C6 /* TProcessorFactory.h */ = {isa = PBXFileReference; fileEncoding = 4; lastKnownFileType = sourcecode.c.h; path = TProcessorFactory.h; sourceTree = "<group>"; };
		ACD5B51115E933C0004646C6 /* THTTPClient.h */ = {isa = PBXFileReference; fileEncoding = 4; lastKnownFileType = sourcecode.c.h; path = THTTPClient.h; sourceTree = "<group>"; };
		ACD5B51215E933C0004646C6 /* THTTPClient.m */ = {isa = PBXFileReference; fileEncoding = 4; lastKnownFileType = sourcecode.c.objc; path = THTTPClient.m; sourceTree = "<group>"; };
		ACD5B51315E933C0004646C6 /* TMemoryBuffer.h */ = {isa = PBXFileReference; fileEncoding = 4; lastKnownFileType = sourcecode.c.h; path = TMemoryBuffer.h; sourceTree = "<group>"; };
		ACD5B51415E933C0004646C6 /* TMemoryBuffer.m */ = {isa = PBXFileReference; fileEncoding = 4; lastKnownFileType = sourcecode.c.objc; path = TMemoryBuffer.m; sourceTree = "<group>"; };
		ACD5B51515E933C0004646C6 /* TTransport.h */ = {isa = PBXFileReference; fileEncoding = 4; lastKnownFileType = sourcecode.c.h; path = TTransport.h; sourceTree = "<group>"; };
		ACD5B51615E933C0004646C6 /* TTransportException.h */ = {isa = PBXFileReference; fileEncoding = 4; lastKnownFileType = sourcecode.c.h; path = TTransportException.h; sourceTree = "<group>"; };
		ACD5B51715E933C0004646C6 /* TTransportException.m */ = {isa = PBXFileReference; fileEncoding = 4; lastKnownFileType = sourcecode.c.objc; path = TTransportException.m; sourceTree = "<group>"; };
		ACD5B51915E933C0004646C6 /* EDAM.h */ = {isa = PBXFileReference; fileEncoding = 4; lastKnownFileType = sourcecode.c.h; path = EDAM.h; sourceTree = "<group>"; };
		ACD5B51A15E933C0004646C6 /* EDAMErrors.h */ = {isa = PBXFileReference; fileEncoding = 4; lastKnownFileType = sourcecode.c.h; path = EDAMErrors.h; sourceTree = "<group>"; };
		ACD5B51B15E933C0004646C6 /* EDAMErrors.m */ = {isa = PBXFileReference; fileEncoding = 4; lastKnownFileType = sourcecode.c.objc; path = EDAMErrors.m; sourceTree = "<group>"; };
		ACD5B51C15E933C0004646C6 /* EDAMLimits.h */ = {isa = PBXFileReference; fileEncoding = 4; lastKnownFileType = sourcecode.c.h; path = EDAMLimits.h; sourceTree = "<group>"; };
		ACD5B51D15E933C0004646C6 /* EDAMLimits.m */ = {isa = PBXFileReference; fileEncoding = 4; lastKnownFileType = sourcecode.c.objc; path = EDAMLimits.m; sourceTree = "<group>"; };
		ACD5B51E15E933C0004646C6 /* EDAMNoteStore.h */ = {isa = PBXFileReference; fileEncoding = 4; lastKnownFileType = sourcecode.c.h; path = EDAMNoteStore.h; sourceTree = "<group>"; };
		ACD5B51F15E933C0004646C6 /* EDAMNoteStore.m */ = {isa = PBXFileReference; fileEncoding = 4; lastKnownFileType = sourcecode.c.objc; path = EDAMNoteStore.m; sourceTree = "<group>"; };
		ACD5B52015E933C0004646C6 /* EDAMTypes.h */ = {isa = PBXFileReference; fileEncoding = 4; lastKnownFileType = sourcecode.c.h; path = EDAMTypes.h; sourceTree = "<group>"; };
		ACD5B52115E933C0004646C6 /* EDAMTypes.m */ = {isa = PBXFileReference; fileEncoding = 4; lastKnownFileType = sourcecode.c.objc; path = EDAMTypes.m; sourceTree = "<group>"; };
		ACD5B52215E933C0004646C6 /* EDAMUserStore.h */ = {isa = PBXFileReference; fileEncoding = 4; lastKnownFileType = sourcecode.c.h; path = EDAMUserStore.h; sourceTree = "<group>"; };
		ACD5B52315E933C0004646C6 /* EDAMUserStore.m */ = {isa = PBXFileReference; fileEncoding = 4; lastKnownFileType = sourcecode.c.objc; path = EDAMUserStore.m; sourceTree = "<group>"; };
		ACD5B52415E933C0004646C6 /* evernote-sdk-ios-Prefix.pch */ = {isa = PBXFileReference; fileEncoding = 4; lastKnownFileType = sourcecode.c.h; path = "evernote-sdk-ios-Prefix.pch"; sourceTree = "<group>"; };
		ACD5B52515E933C0004646C6 /* EvernoteNoteStore.h */ = {isa = PBXFileReference; fileEncoding = 4; lastKnownFileType = sourcecode.c.h; path = EvernoteNoteStore.h; sourceTree = "<group>"; };
		ACD5B52615E933C0004646C6 /* EvernoteNoteStore.m */ = {isa = PBXFileReference; fileEncoding = 4; lastKnownFileType = sourcecode.c.objc; path = EvernoteNoteStore.m; sourceTree = "<group>"; };
		ACD5B52715E933C0004646C6 /* EvernoteSDK.h */ = {isa = PBXFileReference; fileEncoding = 4; lastKnownFileType = sourcecode.c.h; path = EvernoteSDK.h; sourceTree = "<group>"; };
		ACD5B52815E933C0004646C6 /* EvernoteSDK.m */ = {isa = PBXFileReference; fileEncoding = 4; lastKnownFileType = sourcecode.c.objc; path = EvernoteSDK.m; sourceTree = "<group>"; };
		ACD5B52915E933C0004646C6 /* EvernoteSession.h */ = {isa = PBXFileReference; fileEncoding = 4; lastKnownFileType = sourcecode.c.h; path = EvernoteSession.h; sourceTree = "<group>"; };
		ACD5B52A15E933C0004646C6 /* EvernoteSession.m */ = {isa = PBXFileReference; fileEncoding = 4; lastKnownFileType = sourcecode.c.objc; path = EvernoteSession.m; sourceTree = "<group>"; };
		ACD5B52B15E933C0004646C6 /* EvernoteUserStore.h */ = {isa = PBXFileReference; fileEncoding = 4; lastKnownFileType = sourcecode.c.h; path = EvernoteUserStore.h; sourceTree = "<group>"; };
		ACD5B52C15E933C0004646C6 /* EvernoteUserStore.m */ = {isa = PBXFileReference; fileEncoding = 4; lastKnownFileType = sourcecode.c.objc; path = EvernoteUserStore.m; sourceTree = "<group>"; };
		ACD5B52E15E933C0004646C6 /* ENAPI.h */ = {isa = PBXFileReference; fileEncoding = 4; lastKnownFileType = sourcecode.c.h; path = ENAPI.h; sourceTree = "<group>"; };
		ACD5B52F15E933C0004646C6 /* ENAPI.m */ = {isa = PBXFileReference; fileEncoding = 4; lastKnownFileType = sourcecode.c.objc; path = ENAPI.m; sourceTree = "<group>"; };
		ACD5B53015E933C0004646C6 /* ENCredentials.h */ = {isa = PBXFileReference; fileEncoding = 4; lastKnownFileType = sourcecode.c.h; path = ENCredentials.h; sourceTree = "<group>"; };
		ACD5B53115E933C0004646C6 /* ENCredentials.m */ = {isa = PBXFileReference; fileEncoding = 4; lastKnownFileType = sourcecode.c.objc; path = ENCredentials.m; sourceTree = "<group>"; };
		ACD5B53215E933C0004646C6 /* ENCredentialStore.h */ = {isa = PBXFileReference; fileEncoding = 4; lastKnownFileType = sourcecode.c.h; path = ENCredentialStore.h; sourceTree = "<group>"; };
		ACD5B53315E933C0004646C6 /* ENCredentialStore.m */ = {isa = PBXFileReference; fileEncoding = 4; lastKnownFileType = sourcecode.c.objc; path = ENCredentialStore.m; sourceTree = "<group>"; };
		ACD5B53415E933C0004646C6 /* ENOAuthViewController.h */ = {isa = PBXFileReference; fileEncoding = 4; lastKnownFileType = sourcecode.c.h; path = ENOAuthViewController.h; sourceTree = "<group>"; };
		ACD5B53515E933C0004646C6 /* ENOAuthViewController.m */ = {isa = PBXFileReference; fileEncoding = 4; lastKnownFileType = sourcecode.c.objc; path = ENOAuthViewController.m; sourceTree = "<group>"; };
		ACE43B8115E93CF200A10BB1 /* Security.framework */ = {isa = PBXFileReference; lastKnownFileType = wrapper.framework; name = Security.framework; path = System/Library/Frameworks/Security.framework; sourceTree = SDKROOT; };
		ACE43B8415E941F400A10BB1 /* userData.plist */ = {isa = PBXFileReference; fileEncoding = 4; lastKnownFileType = text.plist.xml; path = userData.plist; sourceTree = "<group>"; };
/* End PBXFileReference section */

/* Begin PBXFrameworksBuildPhase section */
		43F9426015E0CC1F005893A9 /* Frameworks */ = {
			isa = PBXFrameworksBuildPhase;
			buildActionMask = 2147483647;
			files = (
				435239B615ECBC6F00CA81F6 /* AddressBookUI.framework in Frameworks */,
				435239B415ECBC6900CA81F6 /* AddressBook.framework in Frameworks */,
				ACE43B8215E93CF200A10BB1 /* Security.framework in Frameworks */,
				4399883015E5CDDF00AA7483 /* MessageUI.framework in Frameworks */,
				4366F55B15E1F82A008E69F6 /* libsqlite3.dylib in Frameworks */,
				43F9426815E0CC1F005893A9 /* UIKit.framework in Frameworks */,
				43F9426A15E0CC1F005893A9 /* Foundation.framework in Frameworks */,
				43F9426C15E0CC1F005893A9 /* CoreGraphics.framework in Frameworks */,
			);
			runOnlyForDeploymentPostprocessing = 0;
		};
/* End PBXFrameworksBuildPhase section */

/* Begin PBXGroup section */
		435239B915EF3DF400CA81F6 /* 600 */ = {
			isa = PBXGroup;
			children = (
				435239E115EF776A00CA81F6 /* main_ADDgroup_26_26@2x.png */,
				435239E215EF776A00CA81F6 /* main_background_960_600@2x.png */,
				435239E315EF776A00CA81F6 /* main_bizcard_image_260_145@2x.png */,
				435239E415EF776A00CA81F6 /* main_black_bar_150_600@2x.png */,
				435239E515EF776A00CA81F6 /* main_black_bar_select_white_164_84@2x.png */,
				435239E615EF776A00CA81F6 /* main_info_textbox_495_145@2x.png */,
				435239E715EF776A00CA81F6 /* main_search_box_360_40@2x.png */,
				435239E815EF776A00CA81F6 /* main_tap_rotate_bg_120_380@2x.png */,
				435239E915EF776A00CA81F6 /* main_tap1_rotate_120_380@2x.png */,
				435239EA15EF776A00CA81F6 /* main_top_add1_62_72@2x.png */,
				435239EB15EF776A00CA81F6 /* main_top_add2_62_72@2x.png */,
				435239EC15EF776A00CA81F6 /* main_top_edit1_62_72@2x.png */,
				435239ED15EF776A00CA81F6 /* main_top_edit2_62_72@2x.png */,
				435239EE15EF776A00CA81F6 /* main_top_lineup1_62_72@2x.png */,
				435239EF15EF776A00CA81F6 /* main_top_lineup2_62_72@2x.png */,
				435239DE15EF733000CA81F6 /* main_bizcard_image_260_145.png */,
				435239D815EF5DDF00CA81F6 /* main_ADDgroup_26_26.png */,
				435239D615EF551800CA81F6 /* main_info_textbox_495_145.png */,
				435239D415EF54C700CA81F6 /* main_black_bar_select_white_164_84.png */,
				435239D015EF4F0F00CA81F6 /* main_tap_rotate_bg_120_380.png */,
				435239D115EF4F0F00CA81F6 /* main_tap1_rotate_120_380.png */,
				435239CA15EF4BB000CA81F6 /* main_top_lineup2_62_72.png */,
				435239C815EF4B7700CA81F6 /* main_top_add2_62_72.png */,
				435239C415EF49FF00CA81F6 /* main_top_edit2_62_72.png */,
				435239C215EF493700CA81F6 /* main_top_lineup1_62_72.png */,
				435239C015EF48F500CA81F6 /* main_top_edit1_62_72.png */,
				435239BE15EF48A100CA81F6 /* main_top_add1_62_72.png */,
				435239BC15EF416000CA81F6 /* main_search_box_360_40.png */,
				435239BA15EF3E9100CA81F6 /* main_black_bar_150_600.png */,
				435239B715EF3DD500CA81F6 /* main_background_960_600.png */,
			);
			name = 600;
			sourceTree = "<group>";
		};
		4366F50715E1D3CC008E69F6 /* TabbarViewController */ = {
			isa = PBXGroup;
			children = (
				4366F51A15E1D476008E69F6 /* TabbarView */,
				4366F51215E1D444008E69F6 /* TabbarViewController.h */,
				4366F51315E1D444008E69F6 /* TabbarViewController.m */,
				4366F51415E1D444008E69F6 /* TabbarViewController.xib */,
			);
			name = TabbarViewController;
			sourceTree = "<group>";
		};
		4366F51A15E1D476008E69F6 /* TabbarView */ = {
			isa = PBXGroup;
			children = (
				4366F54515E1D597008E69F6 /* TabbarView.h */,
				4366F54615E1D597008E69F6 /* TabbarView.m */,
				4366F54815E1D59F008E69F6 /* TabbarView.xib */,
			);
			name = TabbarView;
			sourceTree = "<group>";
		};
		4366F51B15E1D554008E69F6 /* res */ = {
			isa = PBXGroup;
			children = (
				4366F51C15E1D558008E69F6 /* img */,
			);
			name = res;
			path = BizCard;
			sourceTree = "<group>";
		};
		4366F51C15E1D558008E69F6 /* img */ = {
			isa = PBXGroup;
			children = (
				435239B915EF3DF400CA81F6 /* 600 */,
				4366F52115E1D566008E69F6 /* delbtn.png */,
				4366F52215E1D566008E69F6 /* ic_mylocation_off.png */,
				4366F52315E1D566008E69F6 /* ic_mylocation_on.png */,
				4366F52415E1D566008E69F6 /* blue.png */,
				4366F52515E1D566008E69F6 /* btn.png */,
				4366F52615E1D566008E69F6 /* gadd.png */,
				4366F52715E1D566008E69F6 /* note.png */,
				4366F52815E1D566008E69F6 /* gemail.png */,
				4366F52915E1D566008E69F6 /* gsms.png */,
				4366F52A15E1D566008E69F6 /* groupmenubg.png */,
				4366F52B15E1D566008E69F6 /* checkbox.png */,
				4366F52C15E1D566008E69F6 /* checked.png */,
				4366F52D15E1D566008E69F6 /* red.png */,
				4366F52E15E1D566008E69F6 /* gdel.png */,
				4366F52F15E1D566008E69F6 /* gedit.png */,
				4366F53015E1D566008E69F6 /* yellow.png */,
			);
			name = img;
			sourceTree = "<group>";
		};
		4366F54A15E1D8E1008E69F6 /* SecondTab */ = {
			isa = PBXGroup;
			children = (
				4399882315E4E6ED00AA7483 /* Add_Msg */,
				4399881D15E4E59400AA7483 /* Msg_Cell */,
				4366F54C15E1D913008E69F6 /* SecondTabViewController.h */,
				4366F54D15E1D913008E69F6 /* SecondTabViewController.m */,
				4366F54E15E1D913008E69F6 /* SecondTabViewController.xib */,
			);
			name = SecondTab;
			sourceTree = "<group>";
		};
		4366F54B15E1D8ED008E69F6 /* ThirdTab */ = {
			isa = PBXGroup;
			children = (
				4366F55115E1D922008E69F6 /* ThirdTabViewController.h */,
				4366F55215E1D922008E69F6 /* ThirdTabViewController.m */,
				4366F55315E1D922008E69F6 /* ThirdTabViewController.xib */,
			);
			name = ThirdTab;
			sourceTree = "<group>";
		};
		4366F55615E1F0D9008E69F6 /* DataBase */ = {
			isa = PBXGroup;
			children = (
				4366F55715E1F5BD008E69F6 /* DataBase.h */,
				4366F55815E1F5BD008E69F6 /* DataBase.m */,
			);
			name = DataBase;
			sourceTree = "<group>";
		};
		4366F55C15E1F845008E69F6 /* Liibs */ = {
			isa = PBXGroup;
			children = (
				4366F55A15E1F82A008E69F6 /* libsqlite3.dylib */,
			);
			name = Liibs;
			path = BizCard;
			sourceTree = "<group>";
		};
		4366F56215E20B50008E69F6 /* BcTableCell */ = {
			isa = PBXGroup;
			children = (
				4366F56315E20B9B008E69F6 /* BcTableCell.h */,
				4366F56415E20B9B008E69F6 /* BcTableCell.m */,
				4366F56615E20BAF008E69F6 /* BcTableCell.xib */,
			);
			name = BcTableCell;
			sourceTree = "<group>";
		};
		4366F56815E20D15008E69F6 /* SelectBCTemplate */ = {
			isa = PBXGroup;
			children = (
				4387206315E652DE00CC12B0 /* SelectBCTemplateViewController.h */,
				4387206415E652DE00CC12B0 /* SelectBCTemplateViewController.m */,
				4387206515E652DE00CC12B0 /* SelectBCTemplateViewController.xib */,
			);
			name = SelectBCTemplate;
			path = ..;
			sourceTree = "<group>";
		};
		4366F57115E214B8008E69F6 /* DataStruct */ = {
			isa = PBXGroup;
			children = (
				4366F57215E214CF008E69F6 /* DataStruct.h */,
				4366F57315E214CF008E69F6 /* DataStruct.m */,
			);
			name = DataStruct;
			sourceTree = "<group>";
		};
		4366F57A15E21AA9008E69F6 /* EditBc */ = {
			isa = PBXGroup;
			children = (
				4366F57B15E21AD8008E69F6 /* EditBcViewController.h */,
				4366F57C15E21AD8008E69F6 /* EditBcViewController.m */,
				4366F57D15E21AD8008E69F6 /* EditBcViewController.xib */,
			);
			name = EditBc;
			sourceTree = "<group>";
		};
		4366F58015E220F6008E69F6 /* CardTemplate */ = {
			isa = PBXGroup;
			children = (
				4366F58115E2211B008E69F6 /* CardOne */,
				4366F58715E22343008E69F6 /* CardTwo */,
			);
			name = CardTemplate;
			sourceTree = "<group>";
		};
		4366F58115E2211B008E69F6 /* CardOne */ = {
			isa = PBXGroup;
			children = (
				4366F58215E2212C008E69F6 /* CardOne.h */,
				4366F58315E2212C008E69F6 /* CardOne.m */,
				4366F58515E22134008E69F6 /* CardOne.xib */,
			);
			name = CardOne;
			sourceTree = "<group>";
		};
		4366F58715E22343008E69F6 /* CardTwo */ = {
			isa = PBXGroup;
			children = (
				4366F58815E22358008E69F6 /* CardTwo.h */,
				4366F58915E22358008E69F6 /* CardTwo.m */,
				4366F58B15E22362008E69F6 /* CardTwo.xib */,
			);
			name = CardTwo;
			sourceTree = "<group>";
		};
		4392073F15E8DB4A008FDE68 /* Card_Menu */ = {
			isa = PBXGroup;
			children = (
				4392074115E8DB8C008FDE68 /* Card_Menu.h */,
				4392074215E8DB8C008FDE68 /* Card_Menu.m */,
				4392074415E8DB97008FDE68 /* Card_Menu.xib */,
			);
			name = Card_Menu;
			sourceTree = "<group>";
		};
		4399881515E4C44F00AA7483 /* Menu */ = {
			isa = PBXGroup;
			children = (
				4392073F15E8DB4A008FDE68 /* Card_Menu */,
				4399881715E4C45900AA7483 /* Group_Menu */,
			);
			name = Menu;
			sourceTree = "<group>";
		};
		4399881715E4C45900AA7483 /* Group_Menu */ = {
			isa = PBXGroup;
			children = (
				4399881815E4C46900AA7483 /* Group_Menu.h */,
				4399881915E4C46900AA7483 /* Group_Menu.m */,
				4399881B15E4C47300AA7483 /* Group_Menu.xib */,
			);
			name = Group_Menu;
			sourceTree = "<group>";
		};
		4399881D15E4E59400AA7483 /* Msg_Cell */ = {
			isa = PBXGroup;
			children = (
				4399881E15E4E5A600AA7483 /* Msg_Cell.h */,
				4399881F15E4E5A600AA7483 /* Msg_Cell.m */,
				4399882115E4E5B100AA7483 /* Msg_Cell.xib */,
			);
			name = Msg_Cell;
			sourceTree = "<group>";
		};
		4399882315E4E6ED00AA7483 /* Add_Msg */ = {
			isa = PBXGroup;
			children = (
				4399882415E4E70200AA7483 /* Add_MsgViewController.h */,
				4399882515E4E70200AA7483 /* Add_MsgViewController.m */,
				4399882615E4E70200AA7483 /* Add_MsgViewController.xib */,
			);
			name = Add_Msg;
			sourceTree = "<group>";
		};
		4399882915E5C95C00AA7483 /* BCView */ = {
			isa = PBXGroup;
			children = (
				4399882A15E5C98500AA7483 /* BCViewController.h */,
				4399882B15E5C98500AA7483 /* BCViewController.m */,
				4399882C15E5C98500AA7483 /* BCViewController.xib */,
			);
			name = BCView;
			sourceTree = "<group>";
		};
		43A7B5F415EBC0FC0094E338 /* MsgLoad */ = {
			isa = PBXGroup;
			children = (
				43A7B5F615EBC1200094E338 /* MsgLoadViewController.h */,
				43A7B5F715EBC1200094E338 /* MsgLoadViewController.m */,
				43A7B5F815EBC1200094E338 /* MsgLoadViewController.xib */,
			);
			name = MsgLoad;
			sourceTree = "<group>";
		};
		43F9425815E0CC1F005893A9 = {
			isa = PBXGroup;
			children = (
				43F9426D15E0CC1F005893A9 /* BizCard */,
				4366F51B15E1D554008E69F6 /* res */,
				4366F55C15E1F845008E69F6 /* Liibs */,
				43F9426615E0CC1F005893A9 /* Frameworks */,
				43F9426415E0CC1F005893A9 /* Products */,
			);
			sourceTree = "<group>";
		};
		43F9426415E0CC1F005893A9 /* Products */ = {
			isa = PBXGroup;
			children = (
				43F9426315E0CC1F005893A9 /* BizCard.app */,
			);
			name = Products;
			sourceTree = "<group>";
		};
		43F9426615E0CC1F005893A9 /* Frameworks */ = {
			isa = PBXGroup;
			children = (
				435239B515ECBC6F00CA81F6 /* AddressBookUI.framework */,
				435239B315ECBC6900CA81F6 /* AddressBook.framework */,
				ACE43B8115E93CF200A10BB1 /* Security.framework */,
				4399882F15E5CDDF00AA7483 /* MessageUI.framework */,
				43F9426715E0CC1F005893A9 /* UIKit.framework */,
				43F9426915E0CC1F005893A9 /* Foundation.framework */,
				43F9426B15E0CC1F005893A9 /* CoreGraphics.framework */,
			);
			name = Frameworks;
			sourceTree = "<group>";
		};
		43F9426D15E0CC1F005893A9 /* BizCard */ = {
			isa = PBXGroup;
			children = (
				ACD5B4E915E931A4004646C6 /* Util */,
				4399881515E4C44F00AA7483 /* Menu */,
				4366F58015E220F6008E69F6 /* CardTemplate */,
				4366F56215E20B50008E69F6 /* BcTableCell */,
				4366F57115E214B8008E69F6 /* DataStruct */,
				4366F55615E1F0D9008E69F6 /* DataBase */,
				43F9428915E1CFBA005893A9 /* FirstTab */,
				4366F54A15E1D8E1008E69F6 /* SecondTab */,
				4366F54B15E1D8ED008E69F6 /* ThirdTab */,
				4366F50715E1D3CC008E69F6 /* TabbarViewController */,
				43F9428815E1CF98005893A9 /* AppDelegate&Login */,
				43F9426E15E0CC1F005893A9 /* Supporting Files */,
			);
			path = BizCard;
			sourceTree = "<group>";
		};
		43F9426E15E0CC1F005893A9 /* Supporting Files */ = {
			isa = PBXGroup;
			children = (
				AC47488815ECB4B20030FAB4 /* test.png */,
				ACE43B8415E941F400A10BB1 /* userData.plist */,
				43F9426F15E0CC1F005893A9 /* BizCard-Info.plist */,
				43F9427015E0CC1F005893A9 /* InfoPlist.strings */,
				43F9427315E0CC1F005893A9 /* main.m */,
				43F9427515E0CC1F005893A9 /* BizCard-Prefix.pch */,
			);
			name = "Supporting Files";
			sourceTree = "<group>";
		};
		43F9428815E1CF98005893A9 /* AppDelegate&Login */ = {
			isa = PBXGroup;
			children = (
				43F9427615E0CC1F005893A9 /* AppDelegate.h */,
				43F9427715E0CC1F005893A9 /* AppDelegate.m */,
				4366F50115E1D2B7008E69F6 /* LoginViewController.h */,
				4366F50215E1D2B7008E69F6 /* LoginViewController.m */,
				4366F50315E1D2B7008E69F6 /* LoginViewController.xib */,
			);
			name = "AppDelegate&Login";
			sourceTree = "<group>";
		};
		43F9428915E1CFBA005893A9 /* FirstTab */ = {
			isa = PBXGroup;
			children = (
				AC47488115ECB4850030FAB4 /* OverlayView */,
				ACCB947515ECB36800D2D3C3 /* ScanView */,
				43A7B5F415EBC0FC0094E338 /* MsgLoad */,
				4399882915E5C95C00AA7483 /* BCView */,
				4366F57A15E21AA9008E69F6 /* EditBc */,
				4366F56815E20D15008E69F6 /* SelectBCTemplate */,
				43F9428A15E1CFDF005893A9 /* FirstTabViewController.h */,
				43F9428B15E1CFDF005893A9 /* FirstTabViewController.m */,
				43F9428C15E1CFDF005893A9 /* FirstTabViewController.xib */,
			);
			name = FirstTab;
			sourceTree = "<group>";
		};
		AC47488115ECB4850030FAB4 /* OverlayView */ = {
			isa = PBXGroup;
			children = (
				AC47488315ECB4960030FAB4 /* OverlayView.h */,
				AC47488415ECB4960030FAB4 /* OverlayView.m */,
				AC47488515ECB4960030FAB4 /* OverlayView.xib */,
			);
			name = OverlayView;
			sourceTree = "<group>";
		};
		ACCB947515ECB36800D2D3C3 /* ScanView */ = {
			isa = PBXGroup;
			children = (
				ACCB947715ECB37400D2D3C3 /* ScanViewController.h */,
				ACCB947815ECB37400D2D3C3 /* ScanViewController.m */,
				ACCB947915ECB37400D2D3C3 /* ScanViewController.xib */,
			);
			name = ScanView;
			sourceTree = "<group>";
		};
		ACD5B4E915E931A4004646C6 /* Util */ = {
			isa = PBXGroup;
			children = (
				ACD5B4EE15E933C0004646C6 /* evernote-sdk-ios */,
				ACD5B4EB15E931B4004646C6 /* PlistClass.h */,
				ACD5B4EC15E931B4004646C6 /* PlistClass.m */,
				AC31358115EF69A900AD9DA7 /* NSData+MD5.h */,
				AC31358215EF69A900AD9DA7 /* NSData+MD5.m */,
			);
			name = Util;
			sourceTree = "<group>";
		};
		ACD5B4EE15E933C0004646C6 /* evernote-sdk-ios */ = {
			isa = PBXGroup;
			children = (
				ACD5B4EF15E933C0004646C6 /* 3rdParty */,
				ACD5B51815E933C0004646C6 /* EDAM */,
				ACD5B52415E933C0004646C6 /* evernote-sdk-ios-Prefix.pch */,
				ACD5B52515E933C0004646C6 /* EvernoteNoteStore.h */,
				ACD5B52615E933C0004646C6 /* EvernoteNoteStore.m */,
				ACD5B52715E933C0004646C6 /* EvernoteSDK.h */,
				ACD5B52815E933C0004646C6 /* EvernoteSDK.m */,
				ACD5B52915E933C0004646C6 /* EvernoteSession.h */,
				ACD5B52A15E933C0004646C6 /* EvernoteSession.m */,
				ACD5B52B15E933C0004646C6 /* EvernoteUserStore.h */,
				ACD5B52C15E933C0004646C6 /* EvernoteUserStore.m */,
				ACD5B52D15E933C0004646C6 /* internal */,
			);
			path = "evernote-sdk-ios";
			sourceTree = "<group>";
		};
		ACD5B4EF15E933C0004646C6 /* 3rdParty */ = {
			isa = PBXGroup;
			children = (
				ACD5B4F015E933C0004646C6 /* cocoa-oauth */,
				ACD5B4F615E933C0004646C6 /* NSString+URLEncoding */,
				ACD5B4FA15E933C0004646C6 /* SSKeychain */,
				ACD5B4FE15E933C0004646C6 /* Thrift */,
			);
			path = 3rdParty;
			sourceTree = "<group>";
		};
		ACD5B4F015E933C0004646C6 /* cocoa-oauth */ = {
			isa = PBXGroup;
			children = (
				ACD5B4F115E933C0004646C6 /* GCOAuth.h */,
				ACD5B4F215E933C0004646C6 /* GCOAuth.m */,
				ACD5B4F315E933C0004646C6 /* LICENSE */,
				ACD5B4F415E933C0004646C6 /* NSData+Base64.h */,
				ACD5B4F515E933C0004646C6 /* NSData+Base64.m */,
			);
			path = "cocoa-oauth";
			sourceTree = "<group>";
		};
		ACD5B4F615E933C0004646C6 /* NSString+URLEncoding */ = {
			isa = PBXGroup;
			children = (
				ACD5B4F715E933C0004646C6 /* LICENSE */,
				ACD5B4F815E933C0004646C6 /* NSString+URLEncoding.h */,
				ACD5B4F915E933C0004646C6 /* NSString+URLEncoding.m */,
			);
			path = "NSString+URLEncoding";
			sourceTree = "<group>";
		};
		ACD5B4FA15E933C0004646C6 /* SSKeychain */ = {
			isa = PBXGroup;
			children = (
				ACD5B4FB15E933C0004646C6 /* LICENSE */,
				ACD5B4FC15E933C0004646C6 /* SSKeychain.h */,
				ACD5B4FD15E933C0004646C6 /* SSKeychain.m */,
			);
			path = SSKeychain;
			sourceTree = "<group>";
		};
		ACD5B4FE15E933C0004646C6 /* Thrift */ = {
			isa = PBXGroup;
			children = (
				ACD5B4FF15E933C0004646C6 /* LICENSE */,
				ACD5B50015E933C0004646C6 /* protocol */,
				ACD5B50915E933C0004646C6 /* TApplicationException.h */,
				ACD5B50A15E933C0004646C6 /* TApplicationException.m */,
				ACD5B50B15E933C0004646C6 /* TException.h */,
				ACD5B50C15E933C0004646C6 /* TException.m */,
				ACD5B50D15E933C0004646C6 /* Thrift.h */,
				ACD5B50E15E933C0004646C6 /* TProcessor.h */,
				ACD5B50F15E933C0004646C6 /* TProcessorFactory.h */,
				ACD5B51015E933C0004646C6 /* transport */,
			);
			path = Thrift;
			sourceTree = "<group>";
		};
		ACD5B50015E933C0004646C6 /* protocol */ = {
			isa = PBXGroup;
			children = (
				ACD5B50115E933C0004646C6 /* TBinaryProtocol.h */,
				ACD5B50215E933C0004646C6 /* TBinaryProtocol.m */,
				ACD5B50315E933C0004646C6 /* TProtocol.h */,
				ACD5B50415E933C0004646C6 /* TProtocolException.h */,
				ACD5B50515E933C0004646C6 /* TProtocolException.m */,
				ACD5B50615E933C0004646C6 /* TProtocolFactory.h */,
				ACD5B50715E933C0004646C6 /* TProtocolUtil.h */,
				ACD5B50815E933C0004646C6 /* TProtocolUtil.m */,
			);
			path = protocol;
			sourceTree = "<group>";
		};
		ACD5B51015E933C0004646C6 /* transport */ = {
			isa = PBXGroup;
			children = (
				ACD5B51115E933C0004646C6 /* THTTPClient.h */,
				ACD5B51215E933C0004646C6 /* THTTPClient.m */,
				ACD5B51315E933C0004646C6 /* TMemoryBuffer.h */,
				ACD5B51415E933C0004646C6 /* TMemoryBuffer.m */,
				ACD5B51515E933C0004646C6 /* TTransport.h */,
				ACD5B51615E933C0004646C6 /* TTransportException.h */,
				ACD5B51715E933C0004646C6 /* TTransportException.m */,
			);
			path = transport;
			sourceTree = "<group>";
		};
		ACD5B51815E933C0004646C6 /* EDAM */ = {
			isa = PBXGroup;
			children = (
				ACD5B51915E933C0004646C6 /* EDAM.h */,
				ACD5B51A15E933C0004646C6 /* EDAMErrors.h */,
				ACD5B51B15E933C0004646C6 /* EDAMErrors.m */,
				ACD5B51C15E933C0004646C6 /* EDAMLimits.h */,
				ACD5B51D15E933C0004646C6 /* EDAMLimits.m */,
				ACD5B51E15E933C0004646C6 /* EDAMNoteStore.h */,
				ACD5B51F15E933C0004646C6 /* EDAMNoteStore.m */,
				ACD5B52015E933C0004646C6 /* EDAMTypes.h */,
				ACD5B52115E933C0004646C6 /* EDAMTypes.m */,
				ACD5B52215E933C0004646C6 /* EDAMUserStore.h */,
				ACD5B52315E933C0004646C6 /* EDAMUserStore.m */,
			);
			path = EDAM;
			sourceTree = "<group>";
		};
		ACD5B52D15E933C0004646C6 /* internal */ = {
			isa = PBXGroup;
			children = (
				ACD5B52E15E933C0004646C6 /* ENAPI.h */,
				ACD5B52F15E933C0004646C6 /* ENAPI.m */,
				ACD5B53015E933C0004646C6 /* ENCredentials.h */,
				ACD5B53115E933C0004646C6 /* ENCredentials.m */,
				ACD5B53215E933C0004646C6 /* ENCredentialStore.h */,
				ACD5B53315E933C0004646C6 /* ENCredentialStore.m */,
				ACD5B53415E933C0004646C6 /* ENOAuthViewController.h */,
				ACD5B53515E933C0004646C6 /* ENOAuthViewController.m */,
			);
			path = internal;
			sourceTree = "<group>";
		};
/* End PBXGroup section */

/* Begin PBXNativeTarget section */
		43F9426215E0CC1F005893A9 /* BizCard */ = {
			isa = PBXNativeTarget;
			buildConfigurationList = 43F9428115E0CC1F005893A9 /* Build configuration list for PBXNativeTarget "BizCard" */;
			buildPhases = (
				43F9425F15E0CC1F005893A9 /* Sources */,
				43F9426015E0CC1F005893A9 /* Frameworks */,
				43F9426115E0CC1F005893A9 /* Resources */,
			);
			buildRules = (
			);
			dependencies = (
			);
			name = BizCard;
			productName = BizCard;
			productReference = 43F9426315E0CC1F005893A9 /* BizCard.app */;
			productType = "com.apple.product-type.application";
		};
/* End PBXNativeTarget section */

/* Begin PBXProject section */
		43F9425A15E0CC1F005893A9 /* Project object */ = {
			isa = PBXProject;
			attributes = {
				LastUpgradeCheck = 0440;
				ORGANIZATIONNAME = "박 찬기";
			};
			buildConfigurationList = 43F9425D15E0CC1F005893A9 /* Build configuration list for PBXProject "BizCard" */;
			compatibilityVersion = "Xcode 3.2";
			developmentRegion = English;
			hasScannedForEncodings = 0;
			knownRegions = (
				en,
			);
			mainGroup = 43F9425815E0CC1F005893A9;
			productRefGroup = 43F9426415E0CC1F005893A9 /* Products */;
			projectDirPath = "";
			projectRoot = "";
			targets = (
				43F9426215E0CC1F005893A9 /* BizCard */,
			);
		};
/* End PBXProject section */

/* Begin PBXResourcesBuildPhase section */
		43F9426115E0CC1F005893A9 /* Resources */ = {
			isa = PBXResourcesBuildPhase;
			buildActionMask = 2147483647;
			files = (
				4392076515E8EF78008FDE68 /* LICENSE in Resources */,
				4392076615E8EF78008FDE68 /* LICENSE in Resources */,
				4392076715E8EF78008FDE68 /* LICENSE in Resources */,
				4392076815E8EF78008FDE68 /* LICENSE in Resources */,
				4392076915E8EF78008FDE68 /* userData.plist in Resources */,
				43F9427215E0CC1F005893A9 /* InfoPlist.strings in Resources */,
				43F9428E15E1CFDF005893A9 /* FirstTabViewController.xib in Resources */,
				4366F50515E1D2B7008E69F6 /* LoginViewController.xib in Resources */,
				4366F51615E1D444008E69F6 /* TabbarViewController.xib in Resources */,
				4366F53515E1D566008E69F6 /* delbtn.png in Resources */,
				4366F53615E1D566008E69F6 /* ic_mylocation_off.png in Resources */,
				4366F53715E1D566008E69F6 /* ic_mylocation_on.png in Resources */,
				4366F53815E1D566008E69F6 /* blue.png in Resources */,
				4366F53915E1D566008E69F6 /* btn.png in Resources */,
				4366F53A15E1D566008E69F6 /* gadd.png in Resources */,
				4366F53B15E1D566008E69F6 /* note.png in Resources */,
				4366F53C15E1D566008E69F6 /* gemail.png in Resources */,
				4366F53D15E1D566008E69F6 /* gsms.png in Resources */,
				4366F53E15E1D566008E69F6 /* groupmenubg.png in Resources */,
				4366F53F15E1D566008E69F6 /* checkbox.png in Resources */,
				4366F54015E1D566008E69F6 /* checked.png in Resources */,
				4366F54115E1D566008E69F6 /* red.png in Resources */,
				4366F54215E1D566008E69F6 /* gdel.png in Resources */,
				4366F54315E1D566008E69F6 /* gedit.png in Resources */,
				4366F54415E1D566008E69F6 /* yellow.png in Resources */,
				4366F54915E1D59F008E69F6 /* TabbarView.xib in Resources */,
				4366F55015E1D913008E69F6 /* SecondTabViewController.xib in Resources */,
				4366F55515E1D922008E69F6 /* ThirdTabViewController.xib in Resources */,
				4366F56715E20BAF008E69F6 /* BcTableCell.xib in Resources */,
				4366F57F15E21AD8008E69F6 /* EditBcViewController.xib in Resources */,
				4366F58615E22134008E69F6 /* CardOne.xib in Resources */,
				4366F58C15E22362008E69F6 /* CardTwo.xib in Resources */,
				4399881C15E4C47300AA7483 /* Group_Menu.xib in Resources */,
				4399882215E4E5B100AA7483 /* Msg_Cell.xib in Resources */,
				4399882815E4E70200AA7483 /* Add_MsgViewController.xib in Resources */,
				4399882E15E5C98500AA7483 /* BCViewController.xib in Resources */,
				4387206715E652DE00CC12B0 /* SelectBCTemplateViewController.xib in Resources */,
				4392074515E8DB97008FDE68 /* Card_Menu.xib in Resources */,
				43A7B5FA15EBC1200094E338 /* MsgLoadViewController.xib in Resources */,
				ACCB947B15ECB37400D2D3C3 /* ScanViewController.xib in Resources */,
				AC47488715ECB4960030FAB4 /* OverlayView.xib in Resources */,
				AC47488915ECB4B20030FAB4 /* test.png in Resources */,
				435239B815EF3DD500CA81F6 /* main_background_960_600.png in Resources */,
				435239BB15EF3E9100CA81F6 /* main_black_bar_150_600.png in Resources */,
				435239BD15EF416000CA81F6 /* main_search_box_360_40.png in Resources */,
				435239BF15EF48A100CA81F6 /* main_top_add1_62_72.png in Resources */,
				435239C115EF48F500CA81F6 /* main_top_edit1_62_72.png in Resources */,
				435239C315EF493700CA81F6 /* main_top_lineup1_62_72.png in Resources */,
				435239C515EF49FF00CA81F6 /* main_top_edit2_62_72.png in Resources */,
				435239C915EF4B7700CA81F6 /* main_top_add2_62_72.png in Resources */,
				435239CB15EF4BB100CA81F6 /* main_top_lineup2_62_72.png in Resources */,
				435239D215EF4F1000CA81F6 /* main_tap_rotate_bg_120_380.png in Resources */,
				435239D315EF4F1000CA81F6 /* main_tap1_rotate_120_380.png in Resources */,
				435239D515EF54C700CA81F6 /* main_black_bar_select_white_164_84.png in Resources */,
				435239D715EF551800CA81F6 /* main_info_textbox_495_145.png in Resources */,
				435239D915EF5DDF00CA81F6 /* main_ADDgroup_26_26.png in Resources */,
				435239DF15EF733000CA81F6 /* main_bizcard_image_260_145.png in Resources */,
				435239F015EF776A00CA81F6 /* main_ADDgroup_26_26@2x.png in Resources */,
				435239F115EF776A00CA81F6 /* main_background_960_600@2x.png in Resources */,
				435239F215EF776A00CA81F6 /* main_bizcard_image_260_145@2x.png in Resources */,
				435239F315EF776A00CA81F6 /* main_black_bar_150_600@2x.png in Resources */,
				435239F415EF776A00CA81F6 /* main_black_bar_select_white_164_84@2x.png in Resources */,
				435239F515EF776A00CA81F6 /* main_info_textbox_495_145@2x.png in Resources */,
				435239F615EF776A00CA81F6 /* main_search_box_360_40@2x.png in Resources */,
				435239F715EF776A00CA81F6 /* main_tap_rotate_bg_120_380@2x.png in Resources */,
				435239F815EF776A00CA81F6 /* main_tap1_rotate_120_380@2x.png in Resources */,
				435239F915EF776A00CA81F6 /* main_top_add1_62_72@2x.png in Resources */,
				435239FA15EF776A00CA81F6 /* main_top_add2_62_72@2x.png in Resources */,
				435239FB15EF776A00CA81F6 /* main_top_edit1_62_72@2x.png in Resources */,
				435239FC15EF776A00CA81F6 /* main_top_edit2_62_72@2x.png in Resources */,
				435239FD15EF776A00CA81F6 /* main_top_lineup1_62_72@2x.png in Resources */,
				435239FE15EF776A00CA81F6 /* main_top_lineup2_62_72@2x.png in Resources */,
			);
			runOnlyForDeploymentPostprocessing = 0;
		};
/* End PBXResourcesBuildPhase section */

/* Begin PBXSourcesBuildPhase section */
		43F9425F15E0CC1F005893A9 /* Sources */ = {
			isa = PBXSourcesBuildPhase;
			buildActionMask = 2147483647;
			files = (
				4392074A15E8EE18008FDE68 /* GCOAuth.m in Sources */,
				4392074B15E8EE18008FDE68 /* NSData+Base64.m in Sources */,
				4392074C15E8EE18008FDE68 /* NSString+URLEncoding.m in Sources */,
				4392074D15E8EE18008FDE68 /* SSKeychain.m in Sources */,
				4392074E15E8EE18008FDE68 /* TBinaryProtocol.m in Sources */,
				4392074F15E8EE18008FDE68 /* TProtocolException.m in Sources */,
				4392075015E8EE18008FDE68 /* TProtocolUtil.m in Sources */,
				4392075115E8EE18008FDE68 /* TApplicationException.m in Sources */,
				4392075215E8EE18008FDE68 /* TException.m in Sources */,
				4392075315E8EE18008FDE68 /* THTTPClient.m in Sources */,
				4392075415E8EE18008FDE68 /* TMemoryBuffer.m in Sources */,
				4392075515E8EE18008FDE68 /* TTransportException.m in Sources */,
				4392075615E8EE18008FDE68 /* EDAMErrors.m in Sources */,
				4392075715E8EE18008FDE68 /* EDAMLimits.m in Sources */,
				4392075815E8EE18008FDE68 /* EDAMNoteStore.m in Sources */,
				4392075915E8EE18008FDE68 /* EDAMTypes.m in Sources */,
				4392075A15E8EE18008FDE68 /* EDAMUserStore.m in Sources */,
				4392075B15E8EE18008FDE68 /* EvernoteNoteStore.m in Sources */,
				4392075C15E8EE18008FDE68 /* EvernoteSDK.m in Sources */,
				4392075D15E8EE18008FDE68 /* EvernoteSession.m in Sources */,
				4392075E15E8EE18008FDE68 /* EvernoteUserStore.m in Sources */,
				4392075F15E8EE18008FDE68 /* ENAPI.m in Sources */,
				4392076015E8EE18008FDE68 /* ENCredentials.m in Sources */,
				4392076115E8EE18008FDE68 /* ENCredentialStore.m in Sources */,
				4392076215E8EE18008FDE68 /* ENOAuthViewController.m in Sources */,
				4392076315E8EE18008FDE68 /* PlistClass.m in Sources */,
				43F9427415E0CC1F005893A9 /* main.m in Sources */,
				43F9427815E0CC1F005893A9 /* AppDelegate.m in Sources */,
				43F9428D15E1CFDF005893A9 /* FirstTabViewController.m in Sources */,
				4366F50415E1D2B7008E69F6 /* LoginViewController.m in Sources */,
				4366F51515E1D444008E69F6 /* TabbarViewController.m in Sources */,
				4366F54715E1D597008E69F6 /* TabbarView.m in Sources */,
				4366F54F15E1D913008E69F6 /* SecondTabViewController.m in Sources */,
				4366F55415E1D922008E69F6 /* ThirdTabViewController.m in Sources */,
				4366F55915E1F5BD008E69F6 /* DataBase.m in Sources */,
				4366F56515E20B9B008E69F6 /* BcTableCell.m in Sources */,
				4366F57415E214CF008E69F6 /* DataStruct.m in Sources */,
				4366F57E15E21AD8008E69F6 /* EditBcViewController.m in Sources */,
				4366F58415E2212C008E69F6 /* CardOne.m in Sources */,
				4366F58A15E22358008E69F6 /* CardTwo.m in Sources */,
				4399881A15E4C46900AA7483 /* Group_Menu.m in Sources */,
				4399882015E4E5A600AA7483 /* Msg_Cell.m in Sources */,
				4399882715E4E70200AA7483 /* Add_MsgViewController.m in Sources */,
				4399882D15E5C98500AA7483 /* BCViewController.m in Sources */,
				4387206615E652DE00CC12B0 /* SelectBCTemplateViewController.m in Sources */,
				4392074315E8DB8C008FDE68 /* Card_Menu.m in Sources */,
				43A7B5F915EBC1200094E338 /* MsgLoadViewController.m in Sources */,
				ACCB947A15ECB37400D2D3C3 /* ScanViewController.m in Sources */,
				AC47488615ECB4960030FAB4 /* OverlayView.m in Sources */,
				AC31358315EF69A900AD9DA7 /* NSData+MD5.m in Sources */,
			);
			runOnlyForDeploymentPostprocessing = 0;
		};
/* End PBXSourcesBuildPhase section */

/* Begin PBXVariantGroup section */
		43F9427015E0CC1F005893A9 /* InfoPlist.strings */ = {
			isa = PBXVariantGroup;
			children = (
				43F9427115E0CC1F005893A9 /* en */,
			);
			name = InfoPlist.strings;
			sourceTree = "<group>";
		};
/* End PBXVariantGroup section */

/* Begin XCBuildConfiguration section */
		43F9427F15E0CC1F005893A9 /* Debug */ = {
			isa = XCBuildConfiguration;
			buildSettings = {
				ALWAYS_SEARCH_USER_PATHS = NO;
				ARCHS = "$(ARCHS_STANDARD_32_BIT)";
				CLANG_CXX_LANGUAGE_STANDARD = "gnu++0x";
				CLANG_ENABLE_OBJC_ARC = YES;
				CLANG_WARN__DUPLICATE_METHOD_MATCH = YES;
				"CODE_SIGN_IDENTITY[sdk=iphoneos*]" = "iPhone Developer";
				COPY_PHASE_STRIP = NO;
				GCC_C_LANGUAGE_STANDARD = gnu99;
				GCC_DYNAMIC_NO_PIC = NO;
				GCC_OPTIMIZATION_LEVEL = 0;
				GCC_PREPROCESSOR_DEFINITIONS = (
					"DEBUG=1",
					"$(inherited)",
				);
				GCC_SYMBOLS_PRIVATE_EXTERN = NO;
				GCC_VERSION = com.apple.compilers.llvm.clang.1_0;
				GCC_WARN_ABOUT_RETURN_TYPE = YES;
				GCC_WARN_UNINITIALIZED_AUTOS = YES;
				GCC_WARN_UNUSED_VARIABLE = YES;
				IPHONEOS_DEPLOYMENT_TARGET = 5.1;
				SDKROOT = iphoneos;
			};
			name = Debug;
		};
		43F9428015E0CC1F005893A9 /* Release */ = {
			isa = XCBuildConfiguration;
			buildSettings = {
				ALWAYS_SEARCH_USER_PATHS = NO;
				ARCHS = "$(ARCHS_STANDARD_32_BIT)";
				CLANG_CXX_LANGUAGE_STANDARD = "gnu++0x";
				CLANG_ENABLE_OBJC_ARC = YES;
				CLANG_WARN__DUPLICATE_METHOD_MATCH = YES;
				"CODE_SIGN_IDENTITY[sdk=iphoneos*]" = "iPhone Developer";
				COPY_PHASE_STRIP = YES;
				GCC_C_LANGUAGE_STANDARD = gnu99;
				GCC_VERSION = com.apple.compilers.llvm.clang.1_0;
				GCC_WARN_ABOUT_RETURN_TYPE = YES;
				GCC_WARN_UNINITIALIZED_AUTOS = YES;
				GCC_WARN_UNUSED_VARIABLE = YES;
				IPHONEOS_DEPLOYMENT_TARGET = 5.1;
				OTHER_CFLAGS = "-DNS_BLOCK_ASSERTIONS=1";
				SDKROOT = iphoneos;
				VALIDATE_PRODUCT = YES;
			};
			name = Release;
		};
		43F9428215E0CC1F005893A9 /* Debug */ = {
			isa = XCBuildConfiguration;
			buildSettings = {
				CODE_SIGN_IDENTITY = "iPhone Developer: Lee Sei Jin (Q3GBLJL2A3)";
				"CODE_SIGN_IDENTITY[sdk=iphoneos*]" = "iPhone Developer: Lee Sei Jin (Q3GBLJL2A3)";
				GCC_PRECOMPILE_PREFIX_HEADER = YES;
				GCC_PREFIX_HEADER = "BizCard/BizCard-Prefix.pch";
				INFOPLIST_FILE = "BizCard/BizCard-Info.plist";
				PRODUCT_NAME = "$(TARGET_NAME)";
				PROVISIONING_PROFILE = "E7809ECF-CC47-4E1B-83FD-C739BAAC39E6";
				"PROVISIONING_PROFILE[sdk=iphoneos*]" = "E7809ECF-CC47-4E1B-83FD-C739BAAC39E6";
				WRAPPER_EXTENSION = app;
			};
			name = Debug;
		};
		43F9428315E0CC1F005893A9 /* Release */ = {
			isa = XCBuildConfiguration;
			buildSettings = {
				CODE_SIGN_IDENTITY = "iPhone Developer: Lee Sei Jin (Q3GBLJL2A3)";
				"CODE_SIGN_IDENTITY[sdk=iphoneos*]" = "iPhone Developer: Lee Sei Jin (Q3GBLJL2A3)";
				GCC_PRECOMPILE_PREFIX_HEADER = YES;
				GCC_PREFIX_HEADER = "BizCard/BizCard-Prefix.pch";
				INFOPLIST_FILE = "BizCard/BizCard-Info.plist";
				PRODUCT_NAME = "$(TARGET_NAME)";
				PROVISIONING_PROFILE = "E7809ECF-CC47-4E1B-83FD-C739BAAC39E6";
				"PROVISIONING_PROFILE[sdk=iphoneos*]" = "E7809ECF-CC47-4E1B-83FD-C739BAAC39E6";
				WRAPPER_EXTENSION = app;
			};
			name = Release;
		};
/* End XCBuildConfiguration section */

/* Begin XCConfigurationList section */
		43F9425D15E0CC1F005893A9 /* Build configuration list for PBXProject "BizCard" */ = {
			isa = XCConfigurationList;
			buildConfigurations = (
				43F9427F15E0CC1F005893A9 /* Debug */,
				43F9428015E0CC1F005893A9 /* Release */,
			);
			defaultConfigurationIsVisible = 0;
			defaultConfigurationName = Release;
		};
		43F9428115E0CC1F005893A9 /* Build configuration list for PBXNativeTarget "BizCard" */ = {
			isa = XCConfigurationList;
			buildConfigurations = (
				43F9428215E0CC1F005893A9 /* Debug */,
				43F9428315E0CC1F005893A9 /* Release */,
			);
			defaultConfigurationIsVisible = 0;
			defaultConfigurationName = Release;
		};
/* End XCConfigurationList section */
	};
	rootObject = 43F9425A15E0CC1F005893A9 /* Project object */;
}
